// !$*UTF8*$!
{
	archiveVersion = 1;
	classes = {
	};
	objectVersion = 46;
	objects = {

/* Begin PBXBuildFile section */
		81BB1550A8685C1FAA836CAF /* libPods.a in Frameworks */ = {isa = PBXBuildFile; fileRef = DC57337F79B2E6D4C6CFBB25 /* libPods.a */; };
		C705ADC51BE6F54C00E84C74 /* JHBHomePageTableViewController.m in Sources */ = {isa = PBXBuildFile; fileRef = C705ADC41BE6F54C00E84C74 /* JHBHomePageTableViewController.m */; };
		C705ADCB1BE7041C00E84C74 /* JHBHomePageTableViewCell.m in Sources */ = {isa = PBXBuildFile; fileRef = C705ADCA1BE7041C00E84C74 /* JHBHomePageTableViewCell.m */; };
		C705ADF31BE75B3C00E84C74 /* JHBOpenPageViewController.m in Sources */ = {isa = PBXBuildFile; fileRef = C705ADF21BE75B3C00E84C74 /* JHBOpenPageViewController.m */; };
		C705ADFA1BE7800100E84C74 /* JHBSystemBarModel.m in Sources */ = {isa = PBXBuildFile; fileRef = C705ADF91BE7800100E84C74 /* JHBSystemBarModel.m */; };
		C729B03C1BA91593006E9775 /* main.m in Sources */ = {isa = PBXBuildFile; fileRef = C729B03B1BA91593006E9775 /* main.m */; };
		C729B03F1BA91593006E9775 /* AppDelegate.m in Sources */ = {isa = PBXBuildFile; fileRef = C729B03E1BA91593006E9775 /* AppDelegate.m */; };
		C729B0421BA91593006E9775 /* WeddingDemo.xcdatamodeld in Sources */ = {isa = PBXBuildFile; fileRef = C729B0401BA91593006E9775 /* WeddingDemo.xcdatamodeld */; };
		C729B04A1BA91593006E9775 /* Images.xcassets in Resources */ = {isa = PBXBuildFile; fileRef = C729B0491BA91593006E9775 /* Images.xcassets */; };
		C729B04D1BA91593006E9775 /* LaunchScreen.xib in Resources */ = {isa = PBXBuildFile; fileRef = C729B04B1BA91593006E9775 /* LaunchScreen.xib */; };
		C729B0591BA91593006E9775 /* WeddingDemoTests.m in Sources */ = {isa = PBXBuildFile; fileRef = C729B0581BA91593006E9775 /* WeddingDemoTests.m */; };
		C729B0741BA91E3B006E9775 /* JHBForum.storyboard in Resources */ = {isa = PBXBuildFile; fileRef = C729B0731BA91E3B006E9775 /* JHBForum.storyboard */; };
		C729B0761BA91E52006E9775 /* JHBHomePage.storyboard in Resources */ = {isa = PBXBuildFile; fileRef = C729B0751BA91E52006E9775 /* JHBHomePage.storyboard */; };
		C75B24AE1BD50F8A00A7FD80 /* RRCustomScrollView.m in Sources */ = {isa = PBXBuildFile; fileRef = C75B24A71BD50F8A00A7FD80 /* RRCustomScrollView.m */; };
		C75B24AF1BD50F8A00A7FD80 /* RRMessageModel.m in Sources */ = {isa = PBXBuildFile; fileRef = C75B24A91BD50F8A00A7FD80 /* RRMessageModel.m */; };
		C75B24B01BD50F8A00A7FD80 /* RRSendMessageViewController.m in Sources */ = {isa = PBXBuildFile; fileRef = C75B24AB1BD50F8A00A7FD80 /* RRSendMessageViewController.m */; };
		C75B24B11BD50F8A00A7FD80 /* UICollectionViewCellPhoto.m in Sources */ = {isa = PBXBuildFile; fileRef = C75B24AD1BD50F8A00A7FD80 /* UICollectionViewCellPhoto.m */; };
		C75B24B41BD5195A00A7FD80 /* JHBPersonInvitationTableViewController.m in Sources */ = {isa = PBXBuildFile; fileRef = C75B24B31BD5195A00A7FD80 /* JHBPersonInvitationTableViewController.m */; };
		C76628EE1BA948EE00E11F12 /* JHBHomeViewController.m in Sources */ = {isa = PBXBuildFile; fileRef = C76628ED1BA948EE00E11F12 /* JHBHomeViewController.m */; };
		C781C94D1BECDE3B00AE1F2E /* JHBToolsButton.m in Sources */ = {isa = PBXBuildFile; fileRef = C781C9431BECDE3B00AE1F2E /* JHBToolsButton.m */; };
		C781C94E1BECDE3B00AE1F2E /* JHBToolsPlaningButton.m in Sources */ = {isa = PBXBuildFile; fileRef = C781C9451BECDE3B00AE1F2E /* JHBToolsPlaningButton.m */; };
		C781C94F1BECDE3B00AE1F2E /* JHBToolsPraiseView.m in Sources */ = {isa = PBXBuildFile; fileRef = C781C9471BECDE3B00AE1F2E /* JHBToolsPraiseView.m */; };
		C781C9501BECDE3B00AE1F2E /* JHBToolsPraiseView.xib in Resources */ = {isa = PBXBuildFile; fileRef = C781C9481BECDE3B00AE1F2E /* JHBToolsPraiseView.xib */; };
		C781C9511BECDE3B00AE1F2E /* JHBToolsSeatViewCell.m in Sources */ = {isa = PBXBuildFile; fileRef = C781C94A1BECDE3B00AE1F2E /* JHBToolsSeatViewCell.m */; };
		C781C9521BECDE3B00AE1F2E /* JHBToolsStoryViewCell.m in Sources */ = {isa = PBXBuildFile; fileRef = C781C94C1BECDE3B00AE1F2E /* JHBToolsStoryViewCell.m */; };
		C781C9581BECDE8100AE1F2E /* JHBPlaning.m in Sources */ = {isa = PBXBuildFile; fileRef = C781C9571BECDE8100AE1F2E /* JHBPlaning.m */; };
		C781C95D1BECDE8E00AE1F2E /* JHBStory.m in Sources */ = {isa = PBXBuildFile; fileRef = C781C95A1BECDE8E00AE1F2E /* JHBStory.m */; };
		C781C95E1BECDE8E00AE1F2E /* JHBStoryFrameModel.m in Sources */ = {isa = PBXBuildFile; fileRef = C781C95C1BECDE8E00AE1F2E /* JHBStoryFrameModel.m */; };
		C781C9631BECDE9B00AE1F2E /* JHBSeat.m in Sources */ = {isa = PBXBuildFile; fileRef = C781C9601BECDE9B00AE1F2E /* JHBSeat.m */; };
		C781C9641BECDE9B00AE1F2E /* JHBSeatFrameModel.m in Sources */ = {isa = PBXBuildFile; fileRef = C781C9621BECDE9B00AE1F2E /* JHBSeatFrameModel.m */; };
		C781C9671BECDF1400AE1F2E /* JHBTools.storyboard in Resources */ = {isa = PBXBuildFile; fileRef = C781C9661BECDF1400AE1F2E /* JHBTools.storyboard */; };
		C781C96F1BECDF6300AE1F2E /* JHBToolsViewController.m in Sources */ = {isa = PBXBuildFile; fileRef = C781C96E1BECDF6300AE1F2E /* JHBToolsViewController.m */; };
		C781C9721BECDF7200AE1F2E /* JHBToolsLuckyDateViewController.m in Sources */ = {isa = PBXBuildFile; fileRef = C781C9711BECDF7200AE1F2E /* JHBToolsLuckyDateViewController.m */; };
		C781C9751BECDF7F00AE1F2E /* JHBToolsPlaningViewController.m in Sources */ = {isa = PBXBuildFile; fileRef = C781C9741BECDF7F00AE1F2E /* JHBToolsPlaningViewController.m */; };
		C781C97A1BECDF9900AE1F2E /* JHBToolsLoveJourneyViewController.m in Sources */ = {isa = PBXBuildFile; fileRef = C781C9771BECDF9900AE1F2E /* JHBToolsLoveJourneyViewController.m */; };
		C781C97B1BECDF9900AE1F2E /* JHBToolsOurStoryViewController.m in Sources */ = {isa = PBXBuildFile; fileRef = C781C9791BECDF9900AE1F2E /* JHBToolsOurStoryViewController.m */; };
		C781C9801BECDFAA00AE1F2E /* JHBToolsAddSeatingViewController.m in Sources */ = {isa = PBXBuildFile; fileRef = C781C97D1BECDFAA00AE1F2E /* JHBToolsAddSeatingViewController.m */; };
		C781C9811BECDFAA00AE1F2E /* JHBToolsSeatingViewController.m in Sources */ = {isa = PBXBuildFile; fileRef = C781C97F1BECDFAA00AE1F2E /* JHBToolsSeatingViewController.m */; };
		C781C9851BECE1AF00AE1F2E /* CoreDataMngTool.m in Sources */ = {isa = PBXBuildFile; fileRef = C781C9841BECE1AF00AE1F2E /* CoreDataMngTool.m */; };
		C781C98A1BECE6F000AE1F2E /* JHBMeMarriedDateView.m in Sources */ = {isa = PBXBuildFile; fileRef = C781C9871BECE6F000AE1F2E /* JHBMeMarriedDateView.m */; };
		C781C98B1BECE6F000AE1F2E /* JHBMeUserNameView.m in Sources */ = {isa = PBXBuildFile; fileRef = C781C9891BECE6F000AE1F2E /* JHBMeUserNameView.m */; };
		C781C98F1BECE71500AE1F2E /* JHBMeMessageModel.m in Sources */ = {isa = PBXBuildFile; fileRef = C781C98E1BECE71500AE1F2E /* JHBMeMessageModel.m */; };
		C781C99D1BECE74900AE1F2E /* JHBMe.storyboard in Resources */ = {isa = PBXBuildFile; fileRef = C781C9901BECE74900AE1F2E /* JHBMe.storyboard */; };
		C781C99E1BECE74900AE1F2E /* JHBMeEditViewController.m in Sources */ = {isa = PBXBuildFile; fileRef = C781C9921BECE74900AE1F2E /* JHBMeEditViewController.m */; };
		C781C99F1BECE74900AE1F2E /* JHBMeMainViewController.m in Sources */ = {isa = PBXBuildFile; fileRef = C781C9941BECE74900AE1F2E /* JHBMeMainViewController.m */; };
		C781C9A01BECE74900AE1F2E /* JHBMeMessageViewController.m in Sources */ = {isa = PBXBuildFile; fileRef = C781C9961BECE74900AE1F2E /* JHBMeMessageViewController.m */; };
		C781C9A11BECE74900AE1F2E /* JHBMeNewMessageViewController.m in Sources */ = {isa = PBXBuildFile; fileRef = C781C9981BECE74900AE1F2E /* JHBMeNewMessageViewController.m */; };
		C781C9A21BECE74900AE1F2E /* JHBMeSaveViewController.m in Sources */ = {isa = PBXBuildFile; fileRef = C781C99A1BECE74900AE1F2E /* JHBMeSaveViewController.m */; };
		C781C9A31BECE74900AE1F2E /* JHBMeSetViewController.m in Sources */ = {isa = PBXBuildFile; fileRef = C781C99C1BECE74900AE1F2E /* JHBMeSetViewController.m */; };
		C7852BF91BE996240026AFB3 /* Bolts.framework in Frameworks */ = {isa = PBXBuildFile; fileRef = C7852BF71BE996240026AFB3 /* Bolts.framework */; };
		C7852BFA1BE996240026AFB3 /* Parse.framework in Frameworks */ = {isa = PBXBuildFile; fileRef = C7852BF81BE996240026AFB3 /* Parse.framework */; };
		C7852C051BE999A20026AFB3 /* libstdc++.6.dylib in Frameworks */ = {isa = PBXBuildFile; fileRef = C7852C041BE999A20026AFB3 /* libstdc++.6.dylib */; };
		C7852C071BE999AE0026AFB3 /* CoreLocation.framework in Frameworks */ = {isa = PBXBuildFile; fileRef = C7852C061BE999AE0026AFB3 /* CoreLocation.framework */; };
		C7852C091BE999BD0026AFB3 /* StoreKit.framework in Frameworks */ = {isa = PBXBuildFile; fileRef = C7852C081BE999BD0026AFB3 /* StoreKit.framework */; };
		C7852C0B1BE999CC0026AFB3 /* CoreGraphics.framework in Frameworks */ = {isa = PBXBuildFile; fileRef = C7852C0A1BE999CC0026AFB3 /* CoreGraphics.framework */; };
		C7852C0D1BE999DE0026AFB3 /* libsqlite3.dylib in Frameworks */ = {isa = PBXBuildFile; fileRef = C7852C0C1BE999DE0026AFB3 /* libsqlite3.dylib */; };
		C7852C0F1BE999EA0026AFB3 /* QuartzCore.framework in Frameworks */ = {isa = PBXBuildFile; fileRef = C7852C0E1BE999EA0026AFB3 /* QuartzCore.framework */; };
		C7852C111BE999F60026AFB3 /* libz.1.1.3.dylib in Frameworks */ = {isa = PBXBuildFile; fileRef = C7852C101BE999F60026AFB3 /* libz.1.1.3.dylib */; };
		C7852C131BE99A030026AFB3 /* Security.framework in Frameworks */ = {isa = PBXBuildFile; fileRef = C7852C121BE99A030026AFB3 /* Security.framework */; };
		C7852C151BE99A0D0026AFB3 /* AudioToolbox.framework in Frameworks */ = {isa = PBXBuildFile; fileRef = C7852C141BE99A0D0026AFB3 /* AudioToolbox.framework */; };
		C7852C171BE99A1B0026AFB3 /* SystemConfiguration.framework in Frameworks */ = {isa = PBXBuildFile; fileRef = C7852C161BE99A1B0026AFB3 /* SystemConfiguration.framework */; };
		C7852C191BE99A260026AFB3 /* CFNetwork.framework in Frameworks */ = {isa = PBXBuildFile; fileRef = C7852C181BE99A260026AFB3 /* CFNetwork.framework */; };
		C7852C1B1BE99A2D0026AFB3 /* UIKit.framework in Frameworks */ = {isa = PBXBuildFile; fileRef = C7852C1A1BE99A2D0026AFB3 /* UIKit.framework */; };
		C7852C1D1BE99A350026AFB3 /* Foundation.framework in Frameworks */ = {isa = PBXBuildFile; fileRef = C7852C1C1BE99A350026AFB3 /* Foundation.framework */; };
		C7852C231BE9B3710026AFB3 /* JHBPersonFrameModel.m in Sources */ = {isa = PBXBuildFile; fileRef = C7852C221BE9B3710026AFB3 /* JHBPersonFrameModel.m */; };
		C7852C271BE9F60B0026AFB3 /* JHBHomeModel.m in Sources */ = {isa = PBXBuildFile; fileRef = C7852C261BE9F60B0026AFB3 /* JHBHomeModel.m */; };
		C7852C2A1BE9F7FE0026AFB3 /* JHBPersonModel.m in Sources */ = {isa = PBXBuildFile; fileRef = C7852C291BE9F7FE0026AFB3 /* JHBPersonModel.m */; };
		C7852C2D1BEA27910026AFB3 /* NSString+DateTransform.m in Sources */ = {isa = PBXBuildFile; fileRef = C7852C2C1BEA27910026AFB3 /* NSString+DateTransform.m */; };
		C78AA06F1BAC172C000E86A0 /* JHBSystemInvitationTableViewController.m in Sources */ = {isa = PBXBuildFile; fileRef = C78AA06E1BAC172C000E86A0 /* JHBSystemInvitationTableViewController.m */; };
		C7A65D6F1BAAD5EB00B5CBA5 /* UIView+Extension.m in Sources */ = {isa = PBXBuildFile; fileRef = C7A65D6E1BAAD5EB00B5CBA5 /* UIView+Extension.m */; };
		C7A9B0B41BCD268700F3F6A0 /* JHBPersonBarTableViewCell.m in Sources */ = {isa = PBXBuildFile; fileRef = C7A9B0B31BCD268700F3F6A0 /* JHBPersonBarTableViewCell.m */; };
		C7BBFBA21BB172860004C1B9 /* NSString+MoreExtentions.m in Sources */ = {isa = PBXBuildFile; fileRef = C7BBFBA11BB172860004C1B9 /* NSString+MoreExtentions.m */; };
		C7C1EC561BB2A3D200B58466 /* JHBForumViewController.m in Sources */ = {isa = PBXBuildFile; fileRef = C7C1EC551BB2A3D200B58466 /* JHBForumViewController.m */; };
		C7E568C51BE8474500C1F3F5 /* JHBHomeShopViewController.m in Sources */ = {isa = PBXBuildFile; fileRef = C7E568C41BE8474500C1F3F5 /* JHBHomeShopViewController.m */; };
		C7E568CA1BE85DE000C1F3F5 /* JHBAdPageView.m in Sources */ = {isa = PBXBuildFile; fileRef = C7E568C91BE85DE000C1F3F5 /* JHBAdPageView.m */; };
		C7E568CD1BE8602600C1F3F5 /* JHBHomeHeaderView.m in Sources */ = {isa = PBXBuildFile; fileRef = C7E568CC1BE8602600C1F3F5 /* JHBHomeHeaderView.m */; };
		C7E568D61BE8BD0400C1F3F5 /* JHBWebViewController.m in Sources */ = {isa = PBXBuildFile; fileRef = C7E568D51BE8BD0400C1F3F5 /* JHBWebViewController.m */; };
		C7E568D91BE8DED000C1F3F5 /* MBProgressHUD+MoreExtension.m in Sources */ = {isa = PBXBuildFile; fileRef = C7E568D81BE8DED000C1F3F5 /* MBProgressHUD+MoreExtension.m */; };
		C7F5317B1BEC99FD0099159F /* JHBLoginStoryboard.storyboard in Resources */ = {isa = PBXBuildFile; fileRef = C7F531761BEC99FD0099159F /* JHBLoginStoryboard.storyboard */; };
		C7F5317C1BEC99FD0099159F /* JHBLoginViewController.m in Sources */ = {isa = PBXBuildFile; fileRef = C7F531781BEC99FD0099159F /* JHBLoginViewController.m */; };
		C7F5317D1BEC99FD0099159F /* JHBResginViewController.m in Sources */ = {isa = PBXBuildFile; fileRef = C7F5317A1BEC99FD0099159F /* JHBResginViewController.m */; };
/* End PBXBuildFile section */

/* Begin PBXContainerItemProxy section */
		C729B0531BA91593006E9775 /* PBXContainerItemProxy */ = {
			isa = PBXContainerItemProxy;
			containerPortal = C729B02E1BA91593006E9775 /* Project object */;
			proxyType = 1;
			remoteGlobalIDString = C729B0351BA91593006E9775;
			remoteInfo = WeddingDemo;
		};
/* End PBXContainerItemProxy section */

/* Begin PBXFileReference section */
		2547739A048397150C12AF60 /* Pods.debug.xcconfig */ = {isa = PBXFileReference; includeInIndex = 1; lastKnownFileType = text.xcconfig; name = Pods.debug.xcconfig; path = "Pods/Target Support Files/Pods/Pods.debug.xcconfig"; sourceTree = "<group>"; };
		30DAA111FF829033B6171F23 /* Pods.release.xcconfig */ = {isa = PBXFileReference; includeInIndex = 1; lastKnownFileType = text.xcconfig; name = Pods.release.xcconfig; path = "Pods/Target Support Files/Pods/Pods.release.xcconfig"; sourceTree = "<group>"; };
		C705ADC31BE6F54C00E84C74 /* JHBHomePageTableViewController.h */ = {isa = PBXFileReference; fileEncoding = 4; lastKnownFileType = sourcecode.c.h; path = JHBHomePageTableViewController.h; sourceTree = "<group>"; };
		C705ADC41BE6F54C00E84C74 /* JHBHomePageTableViewController.m */ = {isa = PBXFileReference; fileEncoding = 4; lastKnownFileType = sourcecode.c.objc; path = JHBHomePageTableViewController.m; sourceTree = "<group>"; };
		C705ADC91BE7041C00E84C74 /* JHBHomePageTableViewCell.h */ = {isa = PBXFileReference; fileEncoding = 4; lastKnownFileType = sourcecode.c.h; path = JHBHomePageTableViewCell.h; sourceTree = "<group>"; };
		C705ADCA1BE7041C00E84C74 /* JHBHomePageTableViewCell.m */ = {isa = PBXFileReference; fileEncoding = 4; lastKnownFileType = sourcecode.c.objc; path = JHBHomePageTableViewCell.m; sourceTree = "<group>"; };
		C705ADF11BE75B3C00E84C74 /* JHBOpenPageViewController.h */ = {isa = PBXFileReference; fileEncoding = 4; lastKnownFileType = sourcecode.c.h; path = JHBOpenPageViewController.h; sourceTree = "<group>"; };
		C705ADF21BE75B3C00E84C74 /* JHBOpenPageViewController.m */ = {isa = PBXFileReference; fileEncoding = 4; lastKnownFileType = sourcecode.c.objc; path = JHBOpenPageViewController.m; sourceTree = "<group>"; };
		C705ADF81BE7800100E84C74 /* JHBSystemBarModel.h */ = {isa = PBXFileReference; fileEncoding = 4; lastKnownFileType = sourcecode.c.h; path = JHBSystemBarModel.h; sourceTree = "<group>"; };
		C705ADF91BE7800100E84C74 /* JHBSystemBarModel.m */ = {isa = PBXFileReference; fileEncoding = 4; lastKnownFileType = sourcecode.c.objc; path = JHBSystemBarModel.m; sourceTree = "<group>"; };
		C729B0361BA91593006E9775 /* WeddingDemo.app */ = {isa = PBXFileReference; explicitFileType = wrapper.application; includeInIndex = 0; path = WeddingDemo.app; sourceTree = BUILT_PRODUCTS_DIR; };
		C729B03A1BA91593006E9775 /* Info.plist */ = {isa = PBXFileReference; lastKnownFileType = text.plist.xml; path = Info.plist; sourceTree = "<group>"; };
		C729B03B1BA91593006E9775 /* main.m */ = {isa = PBXFileReference; lastKnownFileType = sourcecode.c.objc; path = main.m; sourceTree = "<group>"; };
		C729B03D1BA91593006E9775 /* AppDelegate.h */ = {isa = PBXFileReference; lastKnownFileType = sourcecode.c.h; path = AppDelegate.h; sourceTree = "<group>"; };
		C729B03E1BA91593006E9775 /* AppDelegate.m */ = {isa = PBXFileReference; lastKnownFileType = sourcecode.c.objc; path = AppDelegate.m; sourceTree = "<group>"; };
		C729B0411BA91593006E9775 /* WeddingDemo.xcdatamodel */ = {isa = PBXFileReference; lastKnownFileType = wrapper.xcdatamodel; path = WeddingDemo.xcdatamodel; sourceTree = "<group>"; };
		C729B0491BA91593006E9775 /* Images.xcassets */ = {isa = PBXFileReference; lastKnownFileType = folder.assetcatalog; path = Images.xcassets; sourceTree = "<group>"; };
		C729B04C1BA91593006E9775 /* Base */ = {isa = PBXFileReference; lastKnownFileType = file.xib; name = Base; path = Base.lproj/LaunchScreen.xib; sourceTree = "<group>"; };
		C729B0521BA91593006E9775 /* WeddingDemoTests.xctest */ = {isa = PBXFileReference; explicitFileType = wrapper.cfbundle; includeInIndex = 0; path = WeddingDemoTests.xctest; sourceTree = BUILT_PRODUCTS_DIR; };
		C729B0571BA91593006E9775 /* Info.plist */ = {isa = PBXFileReference; lastKnownFileType = text.plist.xml; path = Info.plist; sourceTree = "<group>"; };
		C729B0581BA91593006E9775 /* WeddingDemoTests.m */ = {isa = PBXFileReference; lastKnownFileType = sourcecode.c.objc; path = WeddingDemoTests.m; sourceTree = "<group>"; };
		C729B0731BA91E3B006E9775 /* JHBForum.storyboard */ = {isa = PBXFileReference; fileEncoding = 4; lastKnownFileType = file.storyboard; path = JHBForum.storyboard; sourceTree = "<group>"; };
		C729B0751BA91E52006E9775 /* JHBHomePage.storyboard */ = {isa = PBXFileReference; fileEncoding = 4; lastKnownFileType = file.storyboard; path = JHBHomePage.storyboard; sourceTree = "<group>"; };
		C75B24A61BD50F8A00A7FD80 /* RRCustomScrollView.h */ = {isa = PBXFileReference; fileEncoding = 4; lastKnownFileType = sourcecode.c.h; path = RRCustomScrollView.h; sourceTree = "<group>"; };
		C75B24A71BD50F8A00A7FD80 /* RRCustomScrollView.m */ = {isa = PBXFileReference; fileEncoding = 4; lastKnownFileType = sourcecode.c.objc; path = RRCustomScrollView.m; sourceTree = "<group>"; };
		C75B24A81BD50F8A00A7FD80 /* RRMessageModel.h */ = {isa = PBXFileReference; fileEncoding = 4; lastKnownFileType = sourcecode.c.h; path = RRMessageModel.h; sourceTree = "<group>"; };
		C75B24A91BD50F8A00A7FD80 /* RRMessageModel.m */ = {isa = PBXFileReference; fileEncoding = 4; lastKnownFileType = sourcecode.c.objc; path = RRMessageModel.m; sourceTree = "<group>"; };
		C75B24AA1BD50F8A00A7FD80 /* RRSendMessageViewController.h */ = {isa = PBXFileReference; fileEncoding = 4; lastKnownFileType = sourcecode.c.h; path = RRSendMessageViewController.h; sourceTree = "<group>"; };
		C75B24AB1BD50F8A00A7FD80 /* RRSendMessageViewController.m */ = {isa = PBXFileReference; fileEncoding = 4; lastKnownFileType = sourcecode.c.objc; path = RRSendMessageViewController.m; sourceTree = "<group>"; };
		C75B24AC1BD50F8A00A7FD80 /* UICollectionViewCellPhoto.h */ = {isa = PBXFileReference; fileEncoding = 4; lastKnownFileType = sourcecode.c.h; path = UICollectionViewCellPhoto.h; sourceTree = "<group>"; };
		C75B24AD1BD50F8A00A7FD80 /* UICollectionViewCellPhoto.m */ = {isa = PBXFileReference; fileEncoding = 4; lastKnownFileType = sourcecode.c.objc; path = UICollectionViewCellPhoto.m; sourceTree = "<group>"; };
		C75B24B21BD5195A00A7FD80 /* JHBPersonInvitationTableViewController.h */ = {isa = PBXFileReference; fileEncoding = 4; lastKnownFileType = sourcecode.c.h; path = JHBPersonInvitationTableViewController.h; sourceTree = "<group>"; };
		C75B24B31BD5195A00A7FD80 /* JHBPersonInvitationTableViewController.m */ = {isa = PBXFileReference; fileEncoding = 4; lastKnownFileType = sourcecode.c.objc; path = JHBPersonInvitationTableViewController.m; sourceTree = "<group>"; };
		C76628EC1BA948EE00E11F12 /* JHBHomeViewController.h */ = {isa = PBXFileReference; fileEncoding = 4; lastKnownFileType = sourcecode.c.h; path = JHBHomeViewController.h; sourceTree = "<group>"; };
		C76628ED1BA948EE00E11F12 /* JHBHomeViewController.m */ = {isa = PBXFileReference; fileEncoding = 4; lastKnownFileType = sourcecode.c.objc; path = JHBHomeViewController.m; sourceTree = "<group>"; };
		C781C9421BECDE3B00AE1F2E /* JHBToolsButton.h */ = {isa = PBXFileReference; fileEncoding = 4; lastKnownFileType = sourcecode.c.h; path = JHBToolsButton.h; sourceTree = "<group>"; };
		C781C9431BECDE3B00AE1F2E /* JHBToolsButton.m */ = {isa = PBXFileReference; fileEncoding = 4; lastKnownFileType = sourcecode.c.objc; path = JHBToolsButton.m; sourceTree = "<group>"; };
		C781C9441BECDE3B00AE1F2E /* JHBToolsPlaningButton.h */ = {isa = PBXFileReference; fileEncoding = 4; lastKnownFileType = sourcecode.c.h; path = JHBToolsPlaningButton.h; sourceTree = "<group>"; };
		C781C9451BECDE3B00AE1F2E /* JHBToolsPlaningButton.m */ = {isa = PBXFileReference; fileEncoding = 4; lastKnownFileType = sourcecode.c.objc; path = JHBToolsPlaningButton.m; sourceTree = "<group>"; };
		C781C9461BECDE3B00AE1F2E /* JHBToolsPraiseView.h */ = {isa = PBXFileReference; fileEncoding = 4; lastKnownFileType = sourcecode.c.h; path = JHBToolsPraiseView.h; sourceTree = "<group>"; };
		C781C9471BECDE3B00AE1F2E /* JHBToolsPraiseView.m */ = {isa = PBXFileReference; fileEncoding = 4; lastKnownFileType = sourcecode.c.objc; path = JHBToolsPraiseView.m; sourceTree = "<group>"; };
		C781C9481BECDE3B00AE1F2E /* JHBToolsPraiseView.xib */ = {isa = PBXFileReference; fileEncoding = 4; lastKnownFileType = file.xib; path = JHBToolsPraiseView.xib; sourceTree = "<group>"; };
		C781C9491BECDE3B00AE1F2E /* JHBToolsSeatViewCell.h */ = {isa = PBXFileReference; fileEncoding = 4; lastKnownFileType = sourcecode.c.h; path = JHBToolsSeatViewCell.h; sourceTree = "<group>"; };
		C781C94A1BECDE3B00AE1F2E /* JHBToolsSeatViewCell.m */ = {isa = PBXFileReference; fileEncoding = 4; lastKnownFileType = sourcecode.c.objc; path = JHBToolsSeatViewCell.m; sourceTree = "<group>"; };
		C781C94B1BECDE3B00AE1F2E /* JHBToolsStoryViewCell.h */ = {isa = PBXFileReference; fileEncoding = 4; lastKnownFileType = sourcecode.c.h; path = JHBToolsStoryViewCell.h; sourceTree = "<group>"; };
		C781C94C1BECDE3B00AE1F2E /* JHBToolsStoryViewCell.m */ = {isa = PBXFileReference; fileEncoding = 4; lastKnownFileType = sourcecode.c.objc; path = JHBToolsStoryViewCell.m; sourceTree = "<group>"; };
		C781C9561BECDE8100AE1F2E /* JHBPlaning.h */ = {isa = PBXFileReference; fileEncoding = 4; lastKnownFileType = sourcecode.c.h; path = JHBPlaning.h; sourceTree = "<group>"; };
		C781C9571BECDE8100AE1F2E /* JHBPlaning.m */ = {isa = PBXFileReference; fileEncoding = 4; lastKnownFileType = sourcecode.c.objc; path = JHBPlaning.m; sourceTree = "<group>"; };
		C781C9591BECDE8E00AE1F2E /* JHBStory.h */ = {isa = PBXFileReference; fileEncoding = 4; lastKnownFileType = sourcecode.c.h; path = JHBStory.h; sourceTree = "<group>"; };
		C781C95A1BECDE8E00AE1F2E /* JHBStory.m */ = {isa = PBXFileReference; fileEncoding = 4; lastKnownFileType = sourcecode.c.objc; path = JHBStory.m; sourceTree = "<group>"; };
		C781C95B1BECDE8E00AE1F2E /* JHBStoryFrameModel.h */ = {isa = PBXFileReference; fileEncoding = 4; lastKnownFileType = sourcecode.c.h; path = JHBStoryFrameModel.h; sourceTree = "<group>"; };
		C781C95C1BECDE8E00AE1F2E /* JHBStoryFrameModel.m */ = {isa = PBXFileReference; fileEncoding = 4; lastKnownFileType = sourcecode.c.objc; path = JHBStoryFrameModel.m; sourceTree = "<group>"; };
		C781C95F1BECDE9B00AE1F2E /* JHBSeat.h */ = {isa = PBXFileReference; fileEncoding = 4; lastKnownFileType = sourcecode.c.h; path = JHBSeat.h; sourceTree = "<group>"; };
		C781C9601BECDE9B00AE1F2E /* JHBSeat.m */ = {isa = PBXFileReference; fileEncoding = 4; lastKnownFileType = sourcecode.c.objc; path = JHBSeat.m; sourceTree = "<group>"; };
		C781C9611BECDE9B00AE1F2E /* JHBSeatFrameModel.h */ = {isa = PBXFileReference; fileEncoding = 4; lastKnownFileType = sourcecode.c.h; path = JHBSeatFrameModel.h; sourceTree = "<group>"; };
		C781C9621BECDE9B00AE1F2E /* JHBSeatFrameModel.m */ = {isa = PBXFileReference; fileEncoding = 4; lastKnownFileType = sourcecode.c.objc; path = JHBSeatFrameModel.m; sourceTree = "<group>"; };
		C781C9661BECDF1400AE1F2E /* JHBTools.storyboard */ = {isa = PBXFileReference; fileEncoding = 4; lastKnownFileType = file.storyboard; path = JHBTools.storyboard; sourceTree = "<group>"; };
		C781C96D1BECDF6300AE1F2E /* JHBToolsViewController.h */ = {isa = PBXFileReference; fileEncoding = 4; lastKnownFileType = sourcecode.c.h; path = JHBToolsViewController.h; sourceTree = "<group>"; };
		C781C96E1BECDF6300AE1F2E /* JHBToolsViewController.m */ = {isa = PBXFileReference; fileEncoding = 4; lastKnownFileType = sourcecode.c.objc; path = JHBToolsViewController.m; sourceTree = "<group>"; };
		C781C9701BECDF7200AE1F2E /* JHBToolsLuckyDateViewController.h */ = {isa = PBXFileReference; fileEncoding = 4; lastKnownFileType = sourcecode.c.h; path = JHBToolsLuckyDateViewController.h; sourceTree = "<group>"; };
		C781C9711BECDF7200AE1F2E /* JHBToolsLuckyDateViewController.m */ = {isa = PBXFileReference; fileEncoding = 4; lastKnownFileType = sourcecode.c.objc; path = JHBToolsLuckyDateViewController.m; sourceTree = "<group>"; };
		C781C9731BECDF7F00AE1F2E /* JHBToolsPlaningViewController.h */ = {isa = PBXFileReference; fileEncoding = 4; lastKnownFileType = sourcecode.c.h; path = JHBToolsPlaningViewController.h; sourceTree = "<group>"; };
		C781C9741BECDF7F00AE1F2E /* JHBToolsPlaningViewController.m */ = {isa = PBXFileReference; fileEncoding = 4; lastKnownFileType = sourcecode.c.objc; path = JHBToolsPlaningViewController.m; sourceTree = "<group>"; };
		C781C9761BECDF9900AE1F2E /* JHBToolsLoveJourneyViewController.h */ = {isa = PBXFileReference; fileEncoding = 4; lastKnownFileType = sourcecode.c.h; path = JHBToolsLoveJourneyViewController.h; sourceTree = "<group>"; };
		C781C9771BECDF9900AE1F2E /* JHBToolsLoveJourneyViewController.m */ = {isa = PBXFileReference; fileEncoding = 4; lastKnownFileType = sourcecode.c.objc; path = JHBToolsLoveJourneyViewController.m; sourceTree = "<group>"; };
		C781C9781BECDF9900AE1F2E /* JHBToolsOurStoryViewController.h */ = {isa = PBXFileReference; fileEncoding = 4; lastKnownFileType = sourcecode.c.h; path = JHBToolsOurStoryViewController.h; sourceTree = "<group>"; };
		C781C9791BECDF9900AE1F2E /* JHBToolsOurStoryViewController.m */ = {isa = PBXFileReference; fileEncoding = 4; lastKnownFileType = sourcecode.c.objc; path = JHBToolsOurStoryViewController.m; sourceTree = "<group>"; };
		C781C97C1BECDFAA00AE1F2E /* JHBToolsAddSeatingViewController.h */ = {isa = PBXFileReference; fileEncoding = 4; lastKnownFileType = sourcecode.c.h; path = JHBToolsAddSeatingViewController.h; sourceTree = "<group>"; };
		C781C97D1BECDFAA00AE1F2E /* JHBToolsAddSeatingViewController.m */ = {isa = PBXFileReference; fileEncoding = 4; lastKnownFileType = sourcecode.c.objc; path = JHBToolsAddSeatingViewController.m; sourceTree = "<group>"; };
		C781C97E1BECDFAA00AE1F2E /* JHBToolsSeatingViewController.h */ = {isa = PBXFileReference; fileEncoding = 4; lastKnownFileType = sourcecode.c.h; path = JHBToolsSeatingViewController.h; sourceTree = "<group>"; };
		C781C97F1BECDFAA00AE1F2E /* JHBToolsSeatingViewController.m */ = {isa = PBXFileReference; fileEncoding = 4; lastKnownFileType = sourcecode.c.objc; path = JHBToolsSeatingViewController.m; sourceTree = "<group>"; };
		C781C9831BECE1AF00AE1F2E /* CoreDataMngTool.h */ = {isa = PBXFileReference; fileEncoding = 4; lastKnownFileType = sourcecode.c.h; path = CoreDataMngTool.h; sourceTree = "<group>"; };
		C781C9841BECE1AF00AE1F2E /* CoreDataMngTool.m */ = {isa = PBXFileReference; fileEncoding = 4; lastKnownFileType = sourcecode.c.objc; path = CoreDataMngTool.m; sourceTree = "<group>"; };
		C781C9861BECE6F000AE1F2E /* JHBMeMarriedDateView.h */ = {isa = PBXFileReference; fileEncoding = 4; lastKnownFileType = sourcecode.c.h; path = JHBMeMarriedDateView.h; sourceTree = "<group>"; };
		C781C9871BECE6F000AE1F2E /* JHBMeMarriedDateView.m */ = {isa = PBXFileReference; fileEncoding = 4; lastKnownFileType = sourcecode.c.objc; path = JHBMeMarriedDateView.m; sourceTree = "<group>"; };
		C781C9881BECE6F000AE1F2E /* JHBMeUserNameView.h */ = {isa = PBXFileReference; fileEncoding = 4; lastKnownFileType = sourcecode.c.h; path = JHBMeUserNameView.h; sourceTree = "<group>"; };
		C781C9891BECE6F000AE1F2E /* JHBMeUserNameView.m */ = {isa = PBXFileReference; fileEncoding = 4; lastKnownFileType = sourcecode.c.objc; path = JHBMeUserNameView.m; sourceTree = "<group>"; };
		C781C98D1BECE71500AE1F2E /* JHBMeMessageModel.h */ = {isa = PBXFileReference; fileEncoding = 4; lastKnownFileType = sourcecode.c.h; path = JHBMeMessageModel.h; sourceTree = "<group>"; };
		C781C98E1BECE71500AE1F2E /* JHBMeMessageModel.m */ = {isa = PBXFileReference; fileEncoding = 4; lastKnownFileType = sourcecode.c.objc; path = JHBMeMessageModel.m; sourceTree = "<group>"; };
		C781C9901BECE74900AE1F2E /* JHBMe.storyboard */ = {isa = PBXFileReference; fileEncoding = 4; lastKnownFileType = file.storyboard; path = JHBMe.storyboard; sourceTree = "<group>"; };
		C781C9911BECE74900AE1F2E /* JHBMeEditViewController.h */ = {isa = PBXFileReference; fileEncoding = 4; lastKnownFileType = sourcecode.c.h; path = JHBMeEditViewController.h; sourceTree = "<group>"; };
		C781C9921BECE74900AE1F2E /* JHBMeEditViewController.m */ = {isa = PBXFileReference; fileEncoding = 4; lastKnownFileType = sourcecode.c.objc; path = JHBMeEditViewController.m; sourceTree = "<group>"; };
		C781C9931BECE74900AE1F2E /* JHBMeMainViewController.h */ = {isa = PBXFileReference; fileEncoding = 4; lastKnownFileType = sourcecode.c.h; path = JHBMeMainViewController.h; sourceTree = "<group>"; };
		C781C9941BECE74900AE1F2E /* JHBMeMainViewController.m */ = {isa = PBXFileReference; fileEncoding = 4; lastKnownFileType = sourcecode.c.objc; path = JHBMeMainViewController.m; sourceTree = "<group>"; };
		C781C9951BECE74900AE1F2E /* JHBMeMessageViewController.h */ = {isa = PBXFileReference; fileEncoding = 4; lastKnownFileType = sourcecode.c.h; path = JHBMeMessageViewController.h; sourceTree = "<group>"; };
		C781C9961BECE74900AE1F2E /* JHBMeMessageViewController.m */ = {isa = PBXFileReference; fileEncoding = 4; lastKnownFileType = sourcecode.c.objc; path = JHBMeMessageViewController.m; sourceTree = "<group>"; };
		C781C9971BECE74900AE1F2E /* JHBMeNewMessageViewController.h */ = {isa = PBXFileReference; fileEncoding = 4; lastKnownFileType = sourcecode.c.h; path = JHBMeNewMessageViewController.h; sourceTree = "<group>"; };
		C781C9981BECE74900AE1F2E /* JHBMeNewMessageViewController.m */ = {isa = PBXFileReference; fileEncoding = 4; lastKnownFileType = sourcecode.c.objc; path = JHBMeNewMessageViewController.m; sourceTree = "<group>"; };
		C781C9991BECE74900AE1F2E /* JHBMeSaveViewController.h */ = {isa = PBXFileReference; fileEncoding = 4; lastKnownFileType = sourcecode.c.h; path = JHBMeSaveViewController.h; sourceTree = "<group>"; };
		C781C99A1BECE74900AE1F2E /* JHBMeSaveViewController.m */ = {isa = PBXFileReference; fileEncoding = 4; lastKnownFileType = sourcecode.c.objc; path = JHBMeSaveViewController.m; sourceTree = "<group>"; };
		C781C99B1BECE74900AE1F2E /* JHBMeSetViewController.h */ = {isa = PBXFileReference; fileEncoding = 4; lastKnownFileType = sourcecode.c.h; path = JHBMeSetViewController.h; sourceTree = "<group>"; };
		C781C99C1BECE74900AE1F2E /* JHBMeSetViewController.m */ = {isa = PBXFileReference; fileEncoding = 4; lastKnownFileType = sourcecode.c.objc; path = JHBMeSetViewController.m; sourceTree = "<group>"; };
		C7852BF71BE996240026AFB3 /* Bolts.framework */ = {isa = PBXFileReference; lastKnownFileType = wrapper.framework; path = Bolts.framework; sourceTree = "<group>"; };
		C7852BF81BE996240026AFB3 /* Parse.framework */ = {isa = PBXFileReference; lastKnownFileType = wrapper.framework; path = Parse.framework; sourceTree = "<group>"; };
		C7852C041BE999A20026AFB3 /* libstdc++.6.dylib */ = {isa = PBXFileReference; lastKnownFileType = "compiled.mach-o.dylib"; name = "libstdc++.6.dylib"; path = "usr/lib/libstdc++.6.dylib"; sourceTree = SDKROOT; };
		C7852C061BE999AE0026AFB3 /* CoreLocation.framework */ = {isa = PBXFileReference; lastKnownFileType = wrapper.framework; name = CoreLocation.framework; path = System/Library/Frameworks/CoreLocation.framework; sourceTree = SDKROOT; };
		C7852C081BE999BD0026AFB3 /* StoreKit.framework */ = {isa = PBXFileReference; lastKnownFileType = wrapper.framework; name = StoreKit.framework; path = System/Library/Frameworks/StoreKit.framework; sourceTree = SDKROOT; };
		C7852C0A1BE999CC0026AFB3 /* CoreGraphics.framework */ = {isa = PBXFileReference; lastKnownFileType = wrapper.framework; name = CoreGraphics.framework; path = System/Library/Frameworks/CoreGraphics.framework; sourceTree = SDKROOT; };
		C7852C0C1BE999DE0026AFB3 /* libsqlite3.dylib */ = {isa = PBXFileReference; lastKnownFileType = "compiled.mach-o.dylib"; name = libsqlite3.dylib; path = usr/lib/libsqlite3.dylib; sourceTree = SDKROOT; };
		C7852C0E1BE999EA0026AFB3 /* QuartzCore.framework */ = {isa = PBXFileReference; lastKnownFileType = wrapper.framework; name = QuartzCore.framework; path = System/Library/Frameworks/QuartzCore.framework; sourceTree = SDKROOT; };
		C7852C101BE999F60026AFB3 /* libz.1.1.3.dylib */ = {isa = PBXFileReference; lastKnownFileType = "compiled.mach-o.dylib"; name = libz.1.1.3.dylib; path = usr/lib/libz.1.1.3.dylib; sourceTree = SDKROOT; };
		C7852C121BE99A030026AFB3 /* Security.framework */ = {isa = PBXFileReference; lastKnownFileType = wrapper.framework; name = Security.framework; path = System/Library/Frameworks/Security.framework; sourceTree = SDKROOT; };
		C7852C141BE99A0D0026AFB3 /* AudioToolbox.framework */ = {isa = PBXFileReference; lastKnownFileType = wrapper.framework; name = AudioToolbox.framework; path = System/Library/Frameworks/AudioToolbox.framework; sourceTree = SDKROOT; };
		C7852C161BE99A1B0026AFB3 /* SystemConfiguration.framework */ = {isa = PBXFileReference; lastKnownFileType = wrapper.framework; name = SystemConfiguration.framework; path = System/Library/Frameworks/SystemConfiguration.framework; sourceTree = SDKROOT; };
		C7852C181BE99A260026AFB3 /* CFNetwork.framework */ = {isa = PBXFileReference; lastKnownFileType = wrapper.framework; name = CFNetwork.framework; path = System/Library/Frameworks/CFNetwork.framework; sourceTree = SDKROOT; };
		C7852C1A1BE99A2D0026AFB3 /* UIKit.framework */ = {isa = PBXFileReference; lastKnownFileType = wrapper.framework; name = UIKit.framework; path = System/Library/Frameworks/UIKit.framework; sourceTree = SDKROOT; };
		C7852C1C1BE99A350026AFB3 /* Foundation.framework */ = {isa = PBXFileReference; lastKnownFileType = wrapper.framework; name = Foundation.framework; path = System/Library/Frameworks/Foundation.framework; sourceTree = SDKROOT; };
		C7852C211BE9B3710026AFB3 /* JHBPersonFrameModel.h */ = {isa = PBXFileReference; fileEncoding = 4; lastKnownFileType = sourcecode.c.h; path = JHBPersonFrameModel.h; sourceTree = "<group>"; };
		C7852C221BE9B3710026AFB3 /* JHBPersonFrameModel.m */ = {isa = PBXFileReference; fileEncoding = 4; lastKnownFileType = sourcecode.c.objc; path = JHBPersonFrameModel.m; sourceTree = "<group>"; };
		C7852C251BE9F60B0026AFB3 /* JHBHomeModel.h */ = {isa = PBXFileReference; fileEncoding = 4; lastKnownFileType = sourcecode.c.h; path = JHBHomeModel.h; sourceTree = "<group>"; };
		C7852C261BE9F60B0026AFB3 /* JHBHomeModel.m */ = {isa = PBXFileReference; fileEncoding = 4; lastKnownFileType = sourcecode.c.objc; path = JHBHomeModel.m; sourceTree = "<group>"; };
		C7852C281BE9F7FE0026AFB3 /* JHBPersonModel.h */ = {isa = PBXFileReference; fileEncoding = 4; lastKnownFileType = sourcecode.c.h; path = JHBPersonModel.h; sourceTree = "<group>"; };
		C7852C291BE9F7FE0026AFB3 /* JHBPersonModel.m */ = {isa = PBXFileReference; fileEncoding = 4; lastKnownFileType = sourcecode.c.objc; path = JHBPersonModel.m; sourceTree = "<group>"; };
		C7852C2B1BEA27910026AFB3 /* NSString+DateTransform.h */ = {isa = PBXFileReference; fileEncoding = 4; lastKnownFileType = sourcecode.c.h; name = "NSString+DateTransform.h"; path = "../../../Desktop/HS/HomeSchool/NSString+DateTransform.h"; sourceTree = "<group>"; };
		C7852C2C1BEA27910026AFB3 /* NSString+DateTransform.m */ = {isa = PBXFileReference; fileEncoding = 4; lastKnownFileType = sourcecode.c.objc; name = "NSString+DateTransform.m"; path = "../../../Desktop/HS/HomeSchool/NSString+DateTransform.m"; sourceTree = "<group>"; };
		C78AA06D1BAC172C000E86A0 /* JHBSystemInvitationTableViewController.h */ = {isa = PBXFileReference; fileEncoding = 4; lastKnownFileType = sourcecode.c.h; path = JHBSystemInvitationTableViewController.h; sourceTree = "<group>"; };
		C78AA06E1BAC172C000E86A0 /* JHBSystemInvitationTableViewController.m */ = {isa = PBXFileReference; fileEncoding = 4; lastKnownFileType = sourcecode.c.objc; path = JHBSystemInvitationTableViewController.m; sourceTree = "<group>"; };
		C7A65D6D1BAAD5EB00B5CBA5 /* UIView+Extension.h */ = {isa = PBXFileReference; fileEncoding = 4; lastKnownFileType = sourcecode.c.h; path = "UIView+Extension.h"; sourceTree = "<group>"; };
		C7A65D6E1BAAD5EB00B5CBA5 /* UIView+Extension.m */ = {isa = PBXFileReference; fileEncoding = 4; lastKnownFileType = sourcecode.c.objc; path = "UIView+Extension.m"; sourceTree = "<group>"; };
		C7A9B0B21BCD268700F3F6A0 /* JHBPersonBarTableViewCell.h */ = {isa = PBXFileReference; fileEncoding = 4; lastKnownFileType = sourcecode.c.h; path = JHBPersonBarTableViewCell.h; sourceTree = "<group>"; };
		C7A9B0B31BCD268700F3F6A0 /* JHBPersonBarTableViewCell.m */ = {isa = PBXFileReference; fileEncoding = 4; lastKnownFileType = sourcecode.c.objc; path = JHBPersonBarTableViewCell.m; sourceTree = "<group>"; };
		C7BBFBA01BB172860004C1B9 /* NSString+MoreExtentions.h */ = {isa = PBXFileReference; fileEncoding = 4; lastKnownFileType = sourcecode.c.h; path = "NSString+MoreExtentions.h"; sourceTree = "<group>"; };
		C7BBFBA11BB172860004C1B9 /* NSString+MoreExtentions.m */ = {isa = PBXFileReference; fileEncoding = 4; lastKnownFileType = sourcecode.c.objc; path = "NSString+MoreExtentions.m"; sourceTree = "<group>"; };
		C7C1EC541BB2A3D200B58466 /* JHBForumViewController.h */ = {isa = PBXFileReference; fileEncoding = 4; lastKnownFileType = sourcecode.c.h; path = JHBForumViewController.h; sourceTree = "<group>"; };
		C7C1EC551BB2A3D200B58466 /* JHBForumViewController.m */ = {isa = PBXFileReference; fileEncoding = 4; lastKnownFileType = sourcecode.c.objc; path = JHBForumViewController.m; sourceTree = "<group>"; };
		C7E568C31BE8474400C1F3F5 /* JHBHomeShopViewController.h */ = {isa = PBXFileReference; fileEncoding = 4; lastKnownFileType = sourcecode.c.h; path = JHBHomeShopViewController.h; sourceTree = "<group>"; };
		C7E568C41BE8474500C1F3F5 /* JHBHomeShopViewController.m */ = {isa = PBXFileReference; fileEncoding = 4; lastKnownFileType = sourcecode.c.objc; path = JHBHomeShopViewController.m; sourceTree = "<group>"; };
		C7E568C81BE85DE000C1F3F5 /* JHBAdPageView.h */ = {isa = PBXFileReference; fileEncoding = 4; lastKnownFileType = sourcecode.c.h; path = JHBAdPageView.h; sourceTree = "<group>"; };
		C7E568C91BE85DE000C1F3F5 /* JHBAdPageView.m */ = {isa = PBXFileReference; fileEncoding = 4; lastKnownFileType = sourcecode.c.objc; path = JHBAdPageView.m; sourceTree = "<group>"; };
		C7E568CB1BE8602600C1F3F5 /* JHBHomeHeaderView.h */ = {isa = PBXFileReference; fileEncoding = 4; lastKnownFileType = sourcecode.c.h; path = JHBHomeHeaderView.h; sourceTree = "<group>"; };
		C7E568CC1BE8602600C1F3F5 /* JHBHomeHeaderView.m */ = {isa = PBXFileReference; fileEncoding = 4; lastKnownFileType = sourcecode.c.objc; path = JHBHomeHeaderView.m; sourceTree = "<group>"; };
		C7E568D41BE8BD0400C1F3F5 /* JHBWebViewController.h */ = {isa = PBXFileReference; fileEncoding = 4; lastKnownFileType = sourcecode.c.h; path = JHBWebViewController.h; sourceTree = "<group>"; };
		C7E568D51BE8BD0400C1F3F5 /* JHBWebViewController.m */ = {isa = PBXFileReference; fileEncoding = 4; lastKnownFileType = sourcecode.c.objc; path = JHBWebViewController.m; sourceTree = "<group>"; };
		C7E568D71BE8DED000C1F3F5 /* MBProgressHUD+MoreExtension.h */ = {isa = PBXFileReference; fileEncoding = 4; lastKnownFileType = sourcecode.c.h; path = "MBProgressHUD+MoreExtension.h"; sourceTree = "<group>"; };
		C7E568D81BE8DED000C1F3F5 /* MBProgressHUD+MoreExtension.m */ = {isa = PBXFileReference; fileEncoding = 4; lastKnownFileType = sourcecode.c.objc; path = "MBProgressHUD+MoreExtension.m"; sourceTree = "<group>"; };
		C7F531761BEC99FD0099159F /* JHBLoginStoryboard.storyboard */ = {isa = PBXFileReference; fileEncoding = 4; lastKnownFileType = file.storyboard; path = JHBLoginStoryboard.storyboard; sourceTree = "<group>"; };
		C7F531771BEC99FD0099159F /* JHBLoginViewController.h */ = {isa = PBXFileReference; fileEncoding = 4; lastKnownFileType = sourcecode.c.h; path = JHBLoginViewController.h; sourceTree = "<group>"; };
		C7F531781BEC99FD0099159F /* JHBLoginViewController.m */ = {isa = PBXFileReference; fileEncoding = 4; lastKnownFileType = sourcecode.c.objc; path = JHBLoginViewController.m; sourceTree = "<group>"; };
		C7F531791BEC99FD0099159F /* JHBResginViewController.h */ = {isa = PBXFileReference; fileEncoding = 4; lastKnownFileType = sourcecode.c.h; path = JHBResginViewController.h; sourceTree = "<group>"; };
		C7F5317A1BEC99FD0099159F /* JHBResginViewController.m */ = {isa = PBXFileReference; fileEncoding = 4; lastKnownFileType = sourcecode.c.objc; path = JHBResginViewController.m; sourceTree = "<group>"; };
		DC57337F79B2E6D4C6CFBB25 /* libPods.a */ = {isa = PBXFileReference; explicitFileType = archive.ar; includeInIndex = 0; path = libPods.a; sourceTree = BUILT_PRODUCTS_DIR; };
/* End PBXFileReference section */

/* Begin PBXFrameworksBuildPhase section */
		C729B0331BA91593006E9775 /* Frameworks */ = {
			isa = PBXFrameworksBuildPhase;
			buildActionMask = 2147483647;
			files = (
				C7852C1D1BE99A350026AFB3 /* Foundation.framework in Frameworks */,
				C7852C1B1BE99A2D0026AFB3 /* UIKit.framework in Frameworks */,
				C7852C191BE99A260026AFB3 /* CFNetwork.framework in Frameworks */,
				C7852C171BE99A1B0026AFB3 /* SystemConfiguration.framework in Frameworks */,
				C7852C151BE99A0D0026AFB3 /* AudioToolbox.framework in Frameworks */,
				C7852C131BE99A030026AFB3 /* Security.framework in Frameworks */,
				C7852C111BE999F60026AFB3 /* libz.1.1.3.dylib in Frameworks */,
				C7852C0F1BE999EA0026AFB3 /* QuartzCore.framework in Frameworks */,
				C7852C0D1BE999DE0026AFB3 /* libsqlite3.dylib in Frameworks */,
				C7852C0B1BE999CC0026AFB3 /* CoreGraphics.framework in Frameworks */,
				C7852C091BE999BD0026AFB3 /* StoreKit.framework in Frameworks */,
				C7852C071BE999AE0026AFB3 /* CoreLocation.framework in Frameworks */,
				C7852C051BE999A20026AFB3 /* libstdc++.6.dylib in Frameworks */,
				81BB1550A8685C1FAA836CAF /* libPods.a in Frameworks */,
				C7852BFA1BE996240026AFB3 /* Parse.framework in Frameworks */,
				C7852BF91BE996240026AFB3 /* Bolts.framework in Frameworks */,
			);
			runOnlyForDeploymentPostprocessing = 0;
		};
		C729B04F1BA91593006E9775 /* Frameworks */ = {
			isa = PBXFrameworksBuildPhase;
			buildActionMask = 2147483647;
			files = (
			);
			runOnlyForDeploymentPostprocessing = 0;
		};
/* End PBXFrameworksBuildPhase section */

/* Begin PBXGroup section */
		A8B7C056DAFF0A95F9E02A8F /* Frameworks */ = {
			isa = PBXGroup;
			children = (
				C7852C1C1BE99A350026AFB3 /* Foundation.framework */,
				C7852C1A1BE99A2D0026AFB3 /* UIKit.framework */,
				C7852C181BE99A260026AFB3 /* CFNetwork.framework */,
				C7852C161BE99A1B0026AFB3 /* SystemConfiguration.framework */,
				C7852C141BE99A0D0026AFB3 /* AudioToolbox.framework */,
				C7852C121BE99A030026AFB3 /* Security.framework */,
				C7852C101BE999F60026AFB3 /* libz.1.1.3.dylib */,
				C7852C0E1BE999EA0026AFB3 /* QuartzCore.framework */,
				C7852C0C1BE999DE0026AFB3 /* libsqlite3.dylib */,
				C7852C0A1BE999CC0026AFB3 /* CoreGraphics.framework */,
				C7852C081BE999BD0026AFB3 /* StoreKit.framework */,
				C7852C061BE999AE0026AFB3 /* CoreLocation.framework */,
				C7852C041BE999A20026AFB3 /* libstdc++.6.dylib */,
				DC57337F79B2E6D4C6CFBB25 /* libPods.a */,
			);
			name = Frameworks;
			sourceTree = "<group>";
		};
		C705ADC81BE703D200E84C74 /* 主页 */ = {
			isa = PBXGroup;
			children = (
				C705ADC91BE7041C00E84C74 /* JHBHomePageTableViewCell.h */,
				C705ADCA1BE7041C00E84C74 /* JHBHomePageTableViewCell.m */,
				C7E568C81BE85DE000C1F3F5 /* JHBAdPageView.h */,
				C7E568C91BE85DE000C1F3F5 /* JHBAdPageView.m */,
				C7E568CB1BE8602600C1F3F5 /* JHBHomeHeaderView.h */,
				C7E568CC1BE8602600C1F3F5 /* JHBHomeHeaderView.m */,
			);
			name = "主页";
			sourceTree = "<group>";
		};
		C705ADCC1BE7057C00E84C74 /* 主页 */ = {
			isa = PBXGroup;
			children = (
				C7852C251BE9F60B0026AFB3 /* JHBHomeModel.h */,
				C7852C261BE9F60B0026AFB3 /* JHBHomeModel.m */,
			);
			name = "主页";
			sourceTree = "<group>";
		};
		C705ADD01BE7593A00E84C74 /* 工具 */ = {
			isa = PBXGroup;
			children = (
				C781C9421BECDE3B00AE1F2E /* JHBToolsButton.h */,
				C781C9431BECDE3B00AE1F2E /* JHBToolsButton.m */,
				C781C9441BECDE3B00AE1F2E /* JHBToolsPlaningButton.h */,
				C781C9451BECDE3B00AE1F2E /* JHBToolsPlaningButton.m */,
				C781C9461BECDE3B00AE1F2E /* JHBToolsPraiseView.h */,
				C781C9471BECDE3B00AE1F2E /* JHBToolsPraiseView.m */,
				C781C9481BECDE3B00AE1F2E /* JHBToolsPraiseView.xib */,
				C781C9491BECDE3B00AE1F2E /* JHBToolsSeatViewCell.h */,
				C781C94A1BECDE3B00AE1F2E /* JHBToolsSeatViewCell.m */,
				C781C94B1BECDE3B00AE1F2E /* JHBToolsStoryViewCell.h */,
				C781C94C1BECDE3B00AE1F2E /* JHBToolsStoryViewCell.m */,
			);
			name = "工具";
			sourceTree = "<group>";
		};
		C705ADF01BE75AE100E84C74 /* 欢迎页 */ = {
			isa = PBXGroup;
			children = (
				C705ADF11BE75B3C00E84C74 /* JHBOpenPageViewController.h */,
				C705ADF21BE75B3C00E84C74 /* JHBOpenPageViewController.m */,
			);
			name = "欢迎页";
			sourceTree = "<group>";
		};
		C705ADF51BE77E2200E84C74 /* 个人论坛 */ = {
			isa = PBXGroup;
			children = (
				C7852C211BE9B3710026AFB3 /* JHBPersonFrameModel.h */,
				C7852C221BE9B3710026AFB3 /* JHBPersonFrameModel.m */,
				C7852C281BE9F7FE0026AFB3 /* JHBPersonModel.h */,
				C7852C291BE9F7FE0026AFB3 /* JHBPersonModel.m */,
			);
			name = "个人论坛";
			sourceTree = "<group>";
		};
		C705ADF61BE77E3100E84C74 /* 系统论坛 */ = {
			isa = PBXGroup;
			children = (
				C705ADF81BE7800100E84C74 /* JHBSystemBarModel.h */,
				C705ADF91BE7800100E84C74 /* JHBSystemBarModel.m */,
			);
			name = "系统论坛";
			sourceTree = "<group>";
		};
		C729B02D1BA91593006E9775 = {
			isa = PBXGroup;
			children = (
				C729B0381BA91593006E9775 /* WeddingDemo */,
				C729B0551BA91593006E9775 /* WeddingDemoTests */,
				C729B0371BA91593006E9775 /* Products */,
				F2F6A28CCD304DEC16A77B05 /* Pods */,
				A8B7C056DAFF0A95F9E02A8F /* Frameworks */,
			);
			sourceTree = "<group>";
		};
		C729B0371BA91593006E9775 /* Products */ = {
			isa = PBXGroup;
			children = (
				C729B0361BA91593006E9775 /* WeddingDemo.app */,
				C729B0521BA91593006E9775 /* WeddingDemoTests.xctest */,
			);
			name = Products;
			sourceTree = "<group>";
		};
		C729B0381BA91593006E9775 /* WeddingDemo */ = {
			isa = PBXGroup;
			children = (
				C781C9821BECE18B00AE1F2E /* Tools */,
				C7852BF61BE996100026AFB3 /* FrameWork */,
				C76628F11BA94DC700E11F12 /* Category */,
				C76628F01BA94DA800E11F12 /* Views */,
				C76628EF1BA94D8500E11F12 /* Model */,
				C729B0631BA915C1006E9775 /* Other */,
				C729B0621BA9159E006E9775 /* Controllers */,
				C729B0491BA91593006E9775 /* Images.xcassets */,
				C729B04B1BA91593006E9775 /* LaunchScreen.xib */,
				C729B0401BA91593006E9775 /* WeddingDemo.xcdatamodeld */,
				C729B0391BA91593006E9775 /* Supporting Files */,
			);
			path = WeddingDemo;
			sourceTree = "<group>";
		};
		C729B0391BA91593006E9775 /* Supporting Files */ = {
			isa = PBXGroup;
			children = (
				C729B03A1BA91593006E9775 /* Info.plist */,
				C729B03B1BA91593006E9775 /* main.m */,
			);
			name = "Supporting Files";
			sourceTree = "<group>";
		};
		C729B0551BA91593006E9775 /* WeddingDemoTests */ = {
			isa = PBXGroup;
			children = (
				C729B0581BA91593006E9775 /* WeddingDemoTests.m */,
				C729B0561BA91593006E9775 /* Supporting Files */,
			);
			path = WeddingDemoTests;
			sourceTree = "<group>";
		};
		C729B0561BA91593006E9775 /* Supporting Files */ = {
			isa = PBXGroup;
			children = (
				C729B0571BA91593006E9775 /* Info.plist */,
			);
			name = "Supporting Files";
			sourceTree = "<group>";
		};
		C729B0621BA9159E006E9775 /* Controllers */ = {
			isa = PBXGroup;
			children = (
				C7852BFB1BE996C90026AFB3 /* 登陆注册 */,
				C729B0691BA916B8006E9775 /* 我 */,
				C729B0681BA916B1006E9775 /* 工具 */,
				C729B0661BA91621006E9775 /* 论坛 */,
				C729B0651BA91617006E9775 /* 主页 */,
				C729B0641BA915DC006E9775 /* 主界面 */,
			);
			name = Controllers;
			sourceTree = "<group>";
		};
		C729B0631BA915C1006E9775 /* Other */ = {
			isa = PBXGroup;
			children = (
				C705ADF01BE75AE100E84C74 /* 欢迎页 */,
				C7E45BF11BC9438F00DB2517 /* 论坛 */,
				C729B03D1BA91593006E9775 /* AppDelegate.h */,
				C729B03E1BA91593006E9775 /* AppDelegate.m */,
			);
			name = Other;
			sourceTree = "<group>";
		};
		C729B0641BA915DC006E9775 /* 主界面 */ = {
			isa = PBXGroup;
			children = (
				C76628EC1BA948EE00E11F12 /* JHBHomeViewController.h */,
				C76628ED1BA948EE00E11F12 /* JHBHomeViewController.m */,
			);
			name = "主界面";
			sourceTree = "<group>";
		};
		C729B0651BA91617006E9775 /* 主页 */ = {
			isa = PBXGroup;
			children = (
				C729B0751BA91E52006E9775 /* JHBHomePage.storyboard */,
				C705ADC31BE6F54C00E84C74 /* JHBHomePageTableViewController.h */,
				C705ADC41BE6F54C00E84C74 /* JHBHomePageTableViewController.m */,
				C7E568C31BE8474400C1F3F5 /* JHBHomeShopViewController.h */,
				C7E568C41BE8474500C1F3F5 /* JHBHomeShopViewController.m */,
			);
			name = "主页";
			sourceTree = "<group>";
		};
		C729B0661BA91621006E9775 /* 论坛 */ = {
			isa = PBXGroup;
			children = (
				C729B0731BA91E3B006E9775 /* JHBForum.storyboard */,
				C78AA06D1BAC172C000E86A0 /* JHBSystemInvitationTableViewController.h */,
				C78AA06E1BAC172C000E86A0 /* JHBSystemInvitationTableViewController.m */,
				C7C1EC541BB2A3D200B58466 /* JHBForumViewController.h */,
				C7C1EC551BB2A3D200B58466 /* JHBForumViewController.m */,
				C75B24B21BD5195A00A7FD80 /* JHBPersonInvitationTableViewController.h */,
				C75B24B31BD5195A00A7FD80 /* JHBPersonInvitationTableViewController.m */,
				C7E568D41BE8BD0400C1F3F5 /* JHBWebViewController.h */,
				C7E568D51BE8BD0400C1F3F5 /* JHBWebViewController.m */,
			);
			name = "论坛";
			sourceTree = "<group>";
		};
		C729B0681BA916B1006E9775 /* 工具 */ = {
			isa = PBXGroup;
			children = (
				C781C96C1BECDF4400AE1F2E /* 座位安排 */,
				C781C96B1BECDF3C00AE1F2E /* 恋爱旅程 */,
				C781C96A1BECDF3400AE1F2E /* 婚礼策划 */,
				C781C9691BECDF2700AE1F2E /* 良辰吉日 */,
				C781C9681BECDF1D00AE1F2E /* 工具主页 */,
				C781C9661BECDF1400AE1F2E /* JHBTools.storyboard */,
			);
			name = "工具";
			sourceTree = "<group>";
		};
		C729B0691BA916B8006E9775 /* 我 */ = {
			isa = PBXGroup;
			children = (
				C781C9901BECE74900AE1F2E /* JHBMe.storyboard */,
				C781C9911BECE74900AE1F2E /* JHBMeEditViewController.h */,
				C781C9921BECE74900AE1F2E /* JHBMeEditViewController.m */,
				C781C9931BECE74900AE1F2E /* JHBMeMainViewController.h */,
				C781C9941BECE74900AE1F2E /* JHBMeMainViewController.m */,
				C781C9951BECE74900AE1F2E /* JHBMeMessageViewController.h */,
				C781C9961BECE74900AE1F2E /* JHBMeMessageViewController.m */,
				C781C9971BECE74900AE1F2E /* JHBMeNewMessageViewController.h */,
				C781C9981BECE74900AE1F2E /* JHBMeNewMessageViewController.m */,
				C781C9991BECE74900AE1F2E /* JHBMeSaveViewController.h */,
				C781C99A1BECE74900AE1F2E /* JHBMeSaveViewController.m */,
				C781C99B1BECE74900AE1F2E /* JHBMeSetViewController.h */,
				C781C99C1BECE74900AE1F2E /* JHBMeSetViewController.m */,
			);
			name = "我";
			sourceTree = "<group>";
		};
		C75B24A51BD50F7300A7FD80 /* 个人论坛 */ = {
			isa = PBXGroup;
			children = (
				C75B24A61BD50F8A00A7FD80 /* RRCustomScrollView.h */,
				C75B24A71BD50F8A00A7FD80 /* RRCustomScrollView.m */,
				C75B24A81BD50F8A00A7FD80 /* RRMessageModel.h */,
				C75B24A91BD50F8A00A7FD80 /* RRMessageModel.m */,
				C75B24AA1BD50F8A00A7FD80 /* RRSendMessageViewController.h */,
				C75B24AB1BD50F8A00A7FD80 /* RRSendMessageViewController.m */,
				C75B24AC1BD50F8A00A7FD80 /* UICollectionViewCellPhoto.h */,
				C75B24AD1BD50F8A00A7FD80 /* UICollectionViewCellPhoto.m */,
			);
			name = "个人论坛";
			sourceTree = "<group>";
		};
		C76628EF1BA94D8500E11F12 /* Model */ = {
			isa = PBXGroup;
			children = (
				C781C98C1BECE6F600AE1F2E /* 我 */,
				C781C9651BECDEBB00AE1F2E /* 工具 */,
				C705ADCC1BE7057C00E84C74 /* 主页 */,
				C79864441BD64172006B39DE /* 论坛 */,
			);
			name = Model;
			sourceTree = "<group>";
		};
		C76628F01BA94DA800E11F12 /* Views */ = {
			isa = PBXGroup;
			children = (
				C705ADD01BE7593A00E84C74 /* 工具 */,
				C705ADC81BE703D200E84C74 /* 主页 */,
				C78AA0671BAC13C0000E86A0 /* 论坛 */,
				C7A65D761BAAF43200B5CBA5 /* 轮播视图 */,
				C7A65D481BAAC7D500B5CBA5 /* 我 */,
			);
			name = Views;
			sourceTree = "<group>";
		};
		C76628F11BA94DC700E11F12 /* Category */ = {
			isa = PBXGroup;
			children = (
				C7852C2B1BEA27910026AFB3 /* NSString+DateTransform.h */,
				C7852C2C1BEA27910026AFB3 /* NSString+DateTransform.m */,
				C7BBFBA01BB172860004C1B9 /* NSString+MoreExtentions.h */,
				C7BBFBA11BB172860004C1B9 /* NSString+MoreExtentions.m */,
				C7A65D6D1BAAD5EB00B5CBA5 /* UIView+Extension.h */,
				C7A65D6E1BAAD5EB00B5CBA5 /* UIView+Extension.m */,
				C7E568D71BE8DED000C1F3F5 /* MBProgressHUD+MoreExtension.h */,
				C7E568D81BE8DED000C1F3F5 /* MBProgressHUD+MoreExtension.m */,
			);
			name = Category;
			sourceTree = "<group>";
		};
		C781C9531BECDE5400AE1F2E /* 座位安排 */ = {
			isa = PBXGroup;
			children = (
				C781C95F1BECDE9B00AE1F2E /* JHBSeat.h */,
				C781C9601BECDE9B00AE1F2E /* JHBSeat.m */,
				C781C9611BECDE9B00AE1F2E /* JHBSeatFrameModel.h */,
				C781C9621BECDE9B00AE1F2E /* JHBSeatFrameModel.m */,
			);
			name = "座位安排";
			sourceTree = "<group>";
		};
		C781C9541BECDE6000AE1F2E /* 恋爱旅程 */ = {
			isa = PBXGroup;
			children = (
				C781C9591BECDE8E00AE1F2E /* JHBStory.h */,
				C781C95A1BECDE8E00AE1F2E /* JHBStory.m */,
				C781C95B1BECDE8E00AE1F2E /* JHBStoryFrameModel.h */,
				C781C95C1BECDE8E00AE1F2E /* JHBStoryFrameModel.m */,
			);
			name = "恋爱旅程";
			sourceTree = "<group>";
		};
		C781C9551BECDE6B00AE1F2E /* 婚礼策划 */ = {
			isa = PBXGroup;
			children = (
				C781C9561BECDE8100AE1F2E /* JHBPlaning.h */,
				C781C9571BECDE8100AE1F2E /* JHBPlaning.m */,
			);
			name = "婚礼策划";
			sourceTree = "<group>";
		};
		C781C9651BECDEBB00AE1F2E /* 工具 */ = {
			isa = PBXGroup;
			children = (
				C781C9531BECDE5400AE1F2E /* 座位安排 */,
				C781C9541BECDE6000AE1F2E /* 恋爱旅程 */,
				C781C9551BECDE6B00AE1F2E /* 婚礼策划 */,
			);
			name = "工具";
			sourceTree = "<group>";
		};
		C781C9681BECDF1D00AE1F2E /* 工具主页 */ = {
			isa = PBXGroup;
			children = (
				C781C96D1BECDF6300AE1F2E /* JHBToolsViewController.h */,
				C781C96E1BECDF6300AE1F2E /* JHBToolsViewController.m */,
			);
			name = "工具主页";
			sourceTree = "<group>";
		};
		C781C9691BECDF2700AE1F2E /* 良辰吉日 */ = {
			isa = PBXGroup;
			children = (
				C781C9701BECDF7200AE1F2E /* JHBToolsLuckyDateViewController.h */,
				C781C9711BECDF7200AE1F2E /* JHBToolsLuckyDateViewController.m */,
			);
			name = "良辰吉日";
			sourceTree = "<group>";
		};
		C781C96A1BECDF3400AE1F2E /* 婚礼策划 */ = {
			isa = PBXGroup;
			children = (
				C781C9731BECDF7F00AE1F2E /* JHBToolsPlaningViewController.h */,
				C781C9741BECDF7F00AE1F2E /* JHBToolsPlaningViewController.m */,
			);
			name = "婚礼策划";
			sourceTree = "<group>";
		};
		C781C96B1BECDF3C00AE1F2E /* 恋爱旅程 */ = {
			isa = PBXGroup;
			children = (
				C781C9761BECDF9900AE1F2E /* JHBToolsLoveJourneyViewController.h */,
				C781C9771BECDF9900AE1F2E /* JHBToolsLoveJourneyViewController.m */,
				C781C9781BECDF9900AE1F2E /* JHBToolsOurStoryViewController.h */,
				C781C9791BECDF9900AE1F2E /* JHBToolsOurStoryViewController.m */,
			);
			name = "恋爱旅程";
			sourceTree = "<group>";
		};
		C781C96C1BECDF4400AE1F2E /* 座位安排 */ = {
			isa = PBXGroup;
			children = (
				C781C97C1BECDFAA00AE1F2E /* JHBToolsAddSeatingViewController.h */,
				C781C97D1BECDFAA00AE1F2E /* JHBToolsAddSeatingViewController.m */,
				C781C97E1BECDFAA00AE1F2E /* JHBToolsSeatingViewController.h */,
				C781C97F1BECDFAA00AE1F2E /* JHBToolsSeatingViewController.m */,
			);
			name = "座位安排";
			sourceTree = "<group>";
		};
		C781C9821BECE18B00AE1F2E /* Tools */ = {
			isa = PBXGroup;
			children = (
				C781C9831BECE1AF00AE1F2E /* CoreDataMngTool.h */,
				C781C9841BECE1AF00AE1F2E /* CoreDataMngTool.m */,
			);
			name = Tools;
			sourceTree = "<group>";
		};
		C781C98C1BECE6F600AE1F2E /* 我 */ = {
			isa = PBXGroup;
			children = (
				C781C98D1BECE71500AE1F2E /* JHBMeMessageModel.h */,
				C781C98E1BECE71500AE1F2E /* JHBMeMessageModel.m */,
			);
			name = "我";
			sourceTree = "<group>";
		};
		C7852BF61BE996100026AFB3 /* FrameWork */ = {
			isa = PBXGroup;
			children = (
				C7852BF71BE996240026AFB3 /* Bolts.framework */,
				C7852BF81BE996240026AFB3 /* Parse.framework */,
			);
			name = FrameWork;
			sourceTree = "<group>";
		};
		C7852BFB1BE996C90026AFB3 /* 登陆注册 */ = {
			isa = PBXGroup;
			children = (
				C7F531761BEC99FD0099159F /* JHBLoginStoryboard.storyboard */,
				C7F531771BEC99FD0099159F /* JHBLoginViewController.h */,
				C7F531781BEC99FD0099159F /* JHBLoginViewController.m */,
				C7F531791BEC99FD0099159F /* JHBResginViewController.h */,
				C7F5317A1BEC99FD0099159F /* JHBResginViewController.m */,
			);
			name = "登陆注册";
			sourceTree = "<group>";
		};
		C78AA0671BAC13C0000E86A0 /* 论坛 */ = {
			isa = PBXGroup;
			children = (
				C7A9B0B21BCD268700F3F6A0 /* JHBPersonBarTableViewCell.h */,
				C7A9B0B31BCD268700F3F6A0 /* JHBPersonBarTableViewCell.m */,
			);
			name = "论坛";
			sourceTree = "<group>";
		};
		C79864441BD64172006B39DE /* 论坛 */ = {
			isa = PBXGroup;
			children = (
				C705ADF61BE77E3100E84C74 /* 系统论坛 */,
				C705ADF51BE77E2200E84C74 /* 个人论坛 */,
			);
			name = "论坛";
			sourceTree = "<group>";
		};
		C7A65D481BAAC7D500B5CBA5 /* 我 */ = {
			isa = PBXGroup;
			children = (
				C781C9861BECE6F000AE1F2E /* JHBMeMarriedDateView.h */,
				C781C9871BECE6F000AE1F2E /* JHBMeMarriedDateView.m */,
				C781C9881BECE6F000AE1F2E /* JHBMeUserNameView.h */,
				C781C9891BECE6F000AE1F2E /* JHBMeUserNameView.m */,
			);
			name = "我";
			sourceTree = "<group>";
		};
		C7A65D761BAAF43200B5CBA5 /* 轮播视图 */ = {
			isa = PBXGroup;
			children = (
			);
			name = "轮播视图";
			sourceTree = "<group>";
		};
		C7E45BF11BC9438F00DB2517 /* 论坛 */ = {
			isa = PBXGroup;
			children = (
				C75B24A51BD50F7300A7FD80 /* 个人论坛 */,
				C7F3E4981BD3A14D00C0E811 /* 系统论坛 */,
			);
			name = "论坛";
			sourceTree = "<group>";
		};
		C7F3E4981BD3A14D00C0E811 /* 系统论坛 */ = {
			isa = PBXGroup;
			children = (
			);
			name = "系统论坛";
			sourceTree = "<group>";
		};
		F2F6A28CCD304DEC16A77B05 /* Pods */ = {
			isa = PBXGroup;
			children = (
				2547739A048397150C12AF60 /* Pods.debug.xcconfig */,
				30DAA111FF829033B6171F23 /* Pods.release.xcconfig */,
			);
			name = Pods;
			sourceTree = "<group>";
		};
/* End PBXGroup section */

/* Begin PBXNativeTarget section */
		C729B0351BA91593006E9775 /* WeddingDemo */ = {
			isa = PBXNativeTarget;
			buildConfigurationList = C729B05C1BA91593006E9775 /* Build configuration list for PBXNativeTarget "WeddingDemo" */;
			buildPhases = (
				B7E21E441930A20313BBA110 /* Check Pods Manifest.lock */,
				C729B0321BA91593006E9775 /* Sources */,
				C729B0331BA91593006E9775 /* Frameworks */,
				C729B0341BA91593006E9775 /* Resources */,
				3521FBA63856EBBED9F69756 /* Copy Pods Resources */,
			);
			buildRules = (
			);
			dependencies = (
			);
			name = WeddingDemo;
			productName = WeddingDemo;
			productReference = C729B0361BA91593006E9775 /* WeddingDemo.app */;
			productType = "com.apple.product-type.application";
		};
		C729B0511BA91593006E9775 /* WeddingDemoTests */ = {
			isa = PBXNativeTarget;
			buildConfigurationList = C729B05F1BA91593006E9775 /* Build configuration list for PBXNativeTarget "WeddingDemoTests" */;
			buildPhases = (
				C729B04E1BA91593006E9775 /* Sources */,
				C729B04F1BA91593006E9775 /* Frameworks */,
				C729B0501BA91593006E9775 /* Resources */,
			);
			buildRules = (
			);
			dependencies = (
				C729B0541BA91593006E9775 /* PBXTargetDependency */,
			);
			name = WeddingDemoTests;
			productName = WeddingDemoTests;
			productReference = C729B0521BA91593006E9775 /* WeddingDemoTests.xctest */;
			productType = "com.apple.product-type.bundle.unit-test";
		};
/* End PBXNativeTarget section */

/* Begin PBXProject section */
		C729B02E1BA91593006E9775 /* Project object */ = {
			isa = PBXProject;
			attributes = {
				LastUpgradeCheck = 0630;
				ORGANIZATIONNAME = Misted;
				TargetAttributes = {
					C729B0351BA91593006E9775 = {
						CreatedOnToolsVersion = 6.3.2;
					};
					C729B0511BA91593006E9775 = {
						CreatedOnToolsVersion = 6.3.2;
						TestTargetID = C729B0351BA91593006E9775;
					};
				};
			};
			buildConfigurationList = C729B0311BA91593006E9775 /* Build configuration list for PBXProject "WeddingDemo" */;
			compatibilityVersion = "Xcode 3.2";
			developmentRegion = English;
			hasScannedForEncodings = 0;
			knownRegions = (
				en,
				Base,
			);
			mainGroup = C729B02D1BA91593006E9775;
			productRefGroup = C729B0371BA91593006E9775 /* Products */;
			projectDirPath = "";
			projectRoot = "";
			targets = (
				C729B0351BA91593006E9775 /* WeddingDemo */,
				C729B0511BA91593006E9775 /* WeddingDemoTests */,
			);
		};
/* End PBXProject section */

/* Begin PBXResourcesBuildPhase section */
		C729B0341BA91593006E9775 /* Resources */ = {
			isa = PBXResourcesBuildPhase;
			buildActionMask = 2147483647;
			files = (
				C729B04D1BA91593006E9775 /* LaunchScreen.xib in Resources */,
				C781C9501BECDE3B00AE1F2E /* JHBToolsPraiseView.xib in Resources */,
				C781C9671BECDF1400AE1F2E /* JHBTools.storyboard in Resources */,
				C729B0741BA91E3B006E9775 /* JHBForum.storyboard in Resources */,
				C729B04A1BA91593006E9775 /* Images.xcassets in Resources */,
				C781C99D1BECE74900AE1F2E /* JHBMe.storyboard in Resources */,
				C7F5317B1BEC99FD0099159F /* JHBLoginStoryboard.storyboard in Resources */,
				C729B0761BA91E52006E9775 /* JHBHomePage.storyboard in Resources */,
			);
			runOnlyForDeploymentPostprocessing = 0;
		};
		C729B0501BA91593006E9775 /* Resources */ = {
			isa = PBXResourcesBuildPhase;
			buildActionMask = 2147483647;
			files = (
			);
			runOnlyForDeploymentPostprocessing = 0;
		};
/* End PBXResourcesBuildPhase section */

/* Begin PBXShellScriptBuildPhase section */
		3521FBA63856EBBED9F69756 /* Copy Pods Resources */ = {
			isa = PBXShellScriptBuildPhase;
			buildActionMask = 2147483647;
			files = (
			);
			inputPaths = (
			);
			name = "Copy Pods Resources";
			outputPaths = (
			);
			runOnlyForDeploymentPostprocessing = 0;
			shellPath = /bin/sh;
			shellScript = "\"${SRCROOT}/Pods/Target Support Files/Pods/Pods-resources.sh\"\n";
			showEnvVarsInLog = 0;
		};
		B7E21E441930A20313BBA110 /* Check Pods Manifest.lock */ = {
			isa = PBXShellScriptBuildPhase;
			buildActionMask = 2147483647;
			files = (
			);
			inputPaths = (
			);
			name = "Check Pods Manifest.lock";
			outputPaths = (
			);
			runOnlyForDeploymentPostprocessing = 0;
			shellPath = /bin/sh;
			shellScript = "diff \"${PODS_ROOT}/../Podfile.lock\" \"${PODS_ROOT}/Manifest.lock\" > /dev/null\nif [[ $? != 0 ]] ; then\n    cat << EOM\nerror: The sandbox is not in sync with the Podfile.lock. Run 'pod install' or update your CocoaPods installation.\nEOM\n    exit 1\nfi\n";
			showEnvVarsInLog = 0;
		};
/* End PBXShellScriptBuildPhase section */

/* Begin PBXSourcesBuildPhase section */
		C729B0321BA91593006E9775 /* Sources */ = {
			isa = PBXSourcesBuildPhase;
			buildActionMask = 2147483647;
			files = (
				C729B03F1BA91593006E9775 /* AppDelegate.m in Sources */,
				C7E568CD1BE8602600C1F3F5 /* JHBHomeHeaderView.m in Sources */,
				C7852C271BE9F60B0026AFB3 /* JHBHomeModel.m in Sources */,
				C781C9A01BECE74900AE1F2E /* JHBMeMessageViewController.m in Sources */,
				C781C97A1BECDF9900AE1F2E /* JHBToolsLoveJourneyViewController.m in Sources */,
				C781C94E1BECDE3B00AE1F2E /* JHBToolsPlaningButton.m in Sources */,
				C781C95E1BECDE8E00AE1F2E /* JHBStoryFrameModel.m in Sources */,
				C781C9581BECDE8100AE1F2E /* JHBPlaning.m in Sources */,
				C781C9721BECDF7200AE1F2E /* JHBToolsLuckyDateViewController.m in Sources */,
				C7E568D91BE8DED000C1F3F5 /* MBProgressHUD+MoreExtension.m in Sources */,
				C781C9851BECE1AF00AE1F2E /* CoreDataMngTool.m in Sources */,
				C781C97B1BECDF9900AE1F2E /* JHBToolsOurStoryViewController.m in Sources */,
				C78AA06F1BAC172C000E86A0 /* JHBSystemInvitationTableViewController.m in Sources */,
				C781C9801BECDFAA00AE1F2E /* JHBToolsAddSeatingViewController.m in Sources */,
				C781C98F1BECE71500AE1F2E /* JHBMeMessageModel.m in Sources */,
				C781C9521BECDE3B00AE1F2E /* JHBToolsStoryViewCell.m in Sources */,
				C7A9B0B41BCD268700F3F6A0 /* JHBPersonBarTableViewCell.m in Sources */,
				C781C99E1BECE74900AE1F2E /* JHBMeEditViewController.m in Sources */,
				C7BBFBA21BB172860004C1B9 /* NSString+MoreExtentions.m in Sources */,
				C781C9751BECDF7F00AE1F2E /* JHBToolsPlaningViewController.m in Sources */,
				C781C9631BECDE9B00AE1F2E /* JHBSeat.m in Sources */,
				C7852C2A1BE9F7FE0026AFB3 /* JHBPersonModel.m in Sources */,
				C729B0421BA91593006E9775 /* WeddingDemo.xcdatamodeld in Sources */,
				C781C99F1BECE74900AE1F2E /* JHBMeMainViewController.m in Sources */,
				C75B24B41BD5195A00A7FD80 /* JHBPersonInvitationTableViewController.m in Sources */,
				C705ADCB1BE7041C00E84C74 /* JHBHomePageTableViewCell.m in Sources */,
				C781C98A1BECE6F000AE1F2E /* JHBMeMarriedDateView.m in Sources */,
				C7852C2D1BEA27910026AFB3 /* NSString+DateTransform.m in Sources */,
				C75B24B11BD50F8A00A7FD80 /* UICollectionViewCellPhoto.m in Sources */,
				C7E568CA1BE85DE000C1F3F5 /* JHBAdPageView.m in Sources */,
				C781C9641BECDE9B00AE1F2E /* JHBSeatFrameModel.m in Sources */,
				C7E568C51BE8474500C1F3F5 /* JHBHomeShopViewController.m in Sources */,
				C7852C231BE9B3710026AFB3 /* JHBPersonFrameModel.m in Sources */,
				C781C95D1BECDE8E00AE1F2E /* JHBStory.m in Sources */,
				C76628EE1BA948EE00E11F12 /* JHBHomeViewController.m in Sources */,
				C781C9A21BECE74900AE1F2E /* JHBMeSaveViewController.m in Sources */,
				C781C9A31BECE74900AE1F2E /* JHBMeSetViewController.m in Sources */,
				C729B03C1BA91593006E9775 /* main.m in Sources */,
				C781C9A11BECE74900AE1F2E /* JHBMeNewMessageViewController.m in Sources */,
				C7E568D61BE8BD0400C1F3F5 /* JHBWebViewController.m in Sources */,
				C781C94D1BECDE3B00AE1F2E /* JHBToolsButton.m in Sources */,
				C781C9811BECDFAA00AE1F2E /* JHBToolsSeatingViewController.m in Sources */,
				C705ADF31BE75B3C00E84C74 /* JHBOpenPageViewController.m in Sources */,
				C75B24AF1BD50F8A00A7FD80 /* RRMessageModel.m in Sources */,
				C75B24B01BD50F8A00A7FD80 /* RRSendMessageViewController.m in Sources */,
				C7A65D6F1BAAD5EB00B5CBA5 /* UIView+Extension.m in Sources */,
				C7C1EC561BB2A3D200B58466 /* JHBForumViewController.m in Sources */,
				C705ADC51BE6F54C00E84C74 /* JHBHomePageTableViewController.m in Sources */,
				C75B24AE1BD50F8A00A7FD80 /* RRCustomScrollView.m in Sources */,
				C781C96F1BECDF6300AE1F2E /* JHBToolsViewController.m in Sources */,
				C781C94F1BECDE3B00AE1F2E /* JHBToolsPraiseView.m in Sources */,
				C781C9511BECDE3B00AE1F2E /* JHBToolsSeatViewCell.m in Sources */,
				C781C98B1BECE6F000AE1F2E /* JHBMeUserNameView.m in Sources */,
				C705ADFA1BE7800100E84C74 /* JHBSystemBarModel.m in Sources */,
				C7F5317D1BEC99FD0099159F /* JHBResginViewController.m in Sources */,
				C7F5317C1BEC99FD0099159F /* JHBLoginViewController.m in Sources */,
			);
			runOnlyForDeploymentPostprocessing = 0;
		};
		C729B04E1BA91593006E9775 /* Sources */ = {
			isa = PBXSourcesBuildPhase;
			buildActionMask = 2147483647;
			files = (
				C729B0591BA91593006E9775 /* WeddingDemoTests.m in Sources */,
			);
			runOnlyForDeploymentPostprocessing = 0;
		};
/* End PBXSourcesBuildPhase section */

/* Begin PBXTargetDependency section */
		C729B0541BA91593006E9775 /* PBXTargetDependency */ = {
			isa = PBXTargetDependency;
			target = C729B0351BA91593006E9775 /* WeddingDemo */;
			targetProxy = C729B0531BA91593006E9775 /* PBXContainerItemProxy */;
		};
/* End PBXTargetDependency section */

/* Begin PBXVariantGroup section */
		C729B04B1BA91593006E9775 /* LaunchScreen.xib */ = {
			isa = PBXVariantGroup;
			children = (
				C729B04C1BA91593006E9775 /* Base */,
			);
			name = LaunchScreen.xib;
			sourceTree = "<group>";
		};
/* End PBXVariantGroup section */

/* Begin XCBuildConfiguration section */
		C729B05A1BA91593006E9775 /* Debug */ = {
			isa = XCBuildConfiguration;
			buildSettings = {
				ALWAYS_SEARCH_USER_PATHS = NO;
				CLANG_CXX_LANGUAGE_STANDARD = "gnu++0x";
				CLANG_CXX_LIBRARY = "libc++";
				CLANG_ENABLE_MODULES = YES;
				CLANG_ENABLE_OBJC_ARC = YES;
				CLANG_WARN_BOOL_CONVERSION = YES;
				CLANG_WARN_CONSTANT_CONVERSION = YES;
				CLANG_WARN_DIRECT_OBJC_ISA_USAGE = YES_ERROR;
				CLANG_WARN_EMPTY_BODY = YES;
				CLANG_WARN_ENUM_CONVERSION = YES;
				CLANG_WARN_INT_CONVERSION = YES;
				CLANG_WARN_OBJC_ROOT_CLASS = YES_ERROR;
				CLANG_WARN_UNREACHABLE_CODE = YES;
				CLANG_WARN__DUPLICATE_METHOD_MATCH = YES;
				"CODE_SIGN_IDENTITY[sdk=iphoneos*]" = "iPhone Developer";
				COPY_PHASE_STRIP = NO;
				DEBUG_INFORMATION_FORMAT = "dwarf-with-dsym";
				ENABLE_STRICT_OBJC_MSGSEND = YES;
				GCC_C_LANGUAGE_STANDARD = gnu99;
				GCC_DYNAMIC_NO_PIC = NO;
				GCC_NO_COMMON_BLOCKS = YES;
				GCC_OPTIMIZATION_LEVEL = 0;
				GCC_PREPROCESSOR_DEFINITIONS = (
					"DEBUG=1",
					"$(inherited)",
				);
				GCC_SYMBOLS_PRIVATE_EXTERN = NO;
				GCC_WARN_64_TO_32_BIT_CONVERSION = YES;
				GCC_WARN_ABOUT_RETURN_TYPE = YES_ERROR;
				GCC_WARN_UNDECLARED_SELECTOR = YES;
				GCC_WARN_UNINITIALIZED_AUTOS = YES_AGGRESSIVE;
				GCC_WARN_UNUSED_FUNCTION = YES;
				GCC_WARN_UNUSED_VARIABLE = YES;
				IPHONEOS_DEPLOYMENT_TARGET = 8.3;
				MTL_ENABLE_DEBUG_INFO = YES;
				ONLY_ACTIVE_ARCH = YES;
				SDKROOT = iphoneos;
				TARGETED_DEVICE_FAMILY = "1,2";
			};
			name = Debug;
		};
		C729B05B1BA91593006E9775 /* Release */ = {
			isa = XCBuildConfiguration;
			buildSettings = {
				ALWAYS_SEARCH_USER_PATHS = NO;
				CLANG_CXX_LANGUAGE_STANDARD = "gnu++0x";
				CLANG_CXX_LIBRARY = "libc++";
				CLANG_ENABLE_MODULES = YES;
				CLANG_ENABLE_OBJC_ARC = YES;
				CLANG_WARN_BOOL_CONVERSION = YES;
				CLANG_WARN_CONSTANT_CONVERSION = YES;
				CLANG_WARN_DIRECT_OBJC_ISA_USAGE = YES_ERROR;
				CLANG_WARN_EMPTY_BODY = YES;
				CLANG_WARN_ENUM_CONVERSION = YES;
				CLANG_WARN_INT_CONVERSION = YES;
				CLANG_WARN_OBJC_ROOT_CLASS = YES_ERROR;
				CLANG_WARN_UNREACHABLE_CODE = YES;
				CLANG_WARN__DUPLICATE_METHOD_MATCH = YES;
				"CODE_SIGN_IDENTITY[sdk=iphoneos*]" = "iPhone Developer";
				COPY_PHASE_STRIP = NO;
				DEBUG_INFORMATION_FORMAT = "dwarf-with-dsym";
				ENABLE_NS_ASSERTIONS = NO;
				ENABLE_STRICT_OBJC_MSGSEND = YES;
				GCC_C_LANGUAGE_STANDARD = gnu99;
				GCC_NO_COMMON_BLOCKS = YES;
				GCC_WARN_64_TO_32_BIT_CONVERSION = YES;
				GCC_WARN_ABOUT_RETURN_TYPE = YES_ERROR;
				GCC_WARN_UNDECLARED_SELECTOR = YES;
				GCC_WARN_UNINITIALIZED_AUTOS = YES_AGGRESSIVE;
				GCC_WARN_UNUSED_FUNCTION = YES;
				GCC_WARN_UNUSED_VARIABLE = YES;
				IPHONEOS_DEPLOYMENT_TARGET = 8.3;
				MTL_ENABLE_DEBUG_INFO = NO;
				SDKROOT = iphoneos;
				TARGETED_DEVICE_FAMILY = "1,2";
				VALIDATE_PRODUCT = YES;
			};
			name = Release;
		};
		C729B05D1BA91593006E9775 /* Debug */ = {
			isa = XCBuildConfiguration;
			baseConfigurationReference = 2547739A048397150C12AF60 /* Pods.debug.xcconfig */;
			buildSettings = {
				ASSETCATALOG_COMPILER_APPICON_NAME = AppIcon;
				FRAMEWORK_SEARCH_PATHS = (
					"$(inherited)",
					"$(PROJECT_DIR)/WeddingDemo",
				);
				INFOPLIST_FILE = WeddingDemo/Info.plist;
				LD_RUNPATH_SEARCH_PATHS = "$(inherited) @executable_path/Frameworks";
				PRODUCT_NAME = "$(TARGET_NAME)";
			};
			name = Debug;
		};
		C729B05E1BA91593006E9775 /* Release */ = {
			isa = XCBuildConfiguration;
			baseConfigurationReference = 30DAA111FF829033B6171F23 /* Pods.release.xcconfig */;
			buildSettings = {
				ASSETCATALOG_COMPILER_APPICON_NAME = AppIcon;
				FRAMEWORK_SEARCH_PATHS = (
					"$(inherited)",
					"$(PROJECT_DIR)/WeddingDemo",
				);
				INFOPLIST_FILE = WeddingDemo/Info.plist;
				LD_RUNPATH_SEARCH_PATHS = "$(inherited) @executable_path/Frameworks";
				PRODUCT_NAME = "$(TARGET_NAME)";
			};
			name = Release;
		};
		C729B0601BA91593006E9775 /* Debug */ = {
			isa = XCBuildConfiguration;
			buildSettings = {
				BUNDLE_LOADER = "$(TEST_HOST)";
				FRAMEWORK_SEARCH_PATHS = (
					"$(SDKROOT)/Developer/Library/Frameworks",
					"$(inherited)",
				);
				GCC_PREPROCESSOR_DEFINITIONS = (
					"DEBUG=1",
					"$(inherited)",
				);
				INFOPLIST_FILE = WeddingDemoTests/Info.plist;
				LD_RUNPATH_SEARCH_PATHS = "$(inherited) @executable_path/Frameworks @loader_path/Frameworks";
				PRODUCT_NAME = "$(TARGET_NAME)";
				TEST_HOST = "$(BUILT_PRODUCTS_DIR)/WeddingDemo.app/WeddingDemo";
			};
			name = Debug;
		};
		C729B0611BA91593006E9775 /* Release */ = {
			isa = XCBuildConfiguration;
			buildSettings = {
				BUNDLE_LOADER = "$(TEST_HOST)";
				FRAMEWORK_SEARCH_PATHS = (
					"$(SDKROOT)/Developer/Library/Frameworks",
					"$(inherited)",
				);
				INFOPLIST_FILE = WeddingDemoTests/Info.plist;
				LD_RUNPATH_SEARCH_PATHS = "$(inherited) @executable_path/Frameworks @loader_path/Frameworks";
				PRODUCT_NAME = "$(TARGET_NAME)";
				TEST_HOST = "$(BUILT_PRODUCTS_DIR)/WeddingDemo.app/WeddingDemo";
			};
			name = Release;
		};
/* End XCBuildConfiguration section */

/* Begin XCConfigurationList section */
		C729B0311BA91593006E9775 /* Build configuration list for PBXProject "WeddingDemo" */ = {
			isa = XCConfigurationList;
			buildConfigurations = (
				C729B05A1BA91593006E9775 /* Debug */,
				C729B05B1BA91593006E9775 /* Release */,
			);
			defaultConfigurationIsVisible = 0;
			defaultConfigurationName = Release;
		};
		C729B05C1BA91593006E9775 /* Build configuration list for PBXNativeTarget "WeddingDemo" */ = {
			isa = XCConfigurationList;
			buildConfigurations = (
				C729B05D1BA91593006E9775 /* Debug */,
				C729B05E1BA91593006E9775 /* Release */,
			);
			defaultConfigurationIsVisible = 0;
			defaultConfigurationName = Release;
		};
		C729B05F1BA91593006E9775 /* Build configuration list for PBXNativeTarget "WeddingDemoTests" */ = {
			isa = XCConfigurationList;
			buildConfigurations = (
				C729B0601BA91593006E9775 /* Debug */,
				C729B0611BA91593006E9775 /* Release */,
			);
			defaultConfigurationIsVisible = 0;
			defaultConfigurationName = Release;
		};
/* End XCConfigurationList section */

/* Begin XCVersionGroup section */
		C729B0401BA91593006E9775 /* WeddingDemo.xcdatamodeld */ = {
			isa = XCVersionGroup;
			children = (
				C729B0411BA91593006E9775 /* WeddingDemo.xcdatamodel */,
			);
			currentVersion = C729B0411BA91593006E9775 /* WeddingDemo.xcdatamodel */;
			path = WeddingDemo.xcdatamodeld;
			sourceTree = "<group>";
			versionGroupType = wrapper.xcdatamodel;
		};
/* End XCVersionGroup section */
	};
	rootObject = C729B02E1BA91593006E9775 /* Project object */;
}
