// !$*UTF8*$!
{
	archiveVersion = 1;
	classes = {
	};
	objectVersion = 46;
	objects = {

/* Begin PBXBuildFile section */
		81BB1550A8685C1FAA836CAF /* libPods.a in Frameworks */ = {isa = PBXBuildFile; fileRef = DC57337F79B2E6D4C6CFBB25 /* libPods.a */; };
		C729B03C1BA91593006E9775 /* main.m in Sources */ = {isa = PBXBuildFile; fileRef = C729B03B1BA91593006E9775 /* main.m */; };
		C729B03F1BA91593006E9775 /* AppDelegate.m in Sources */ = {isa = PBXBuildFile; fileRef = C729B03E1BA91593006E9775 /* AppDelegate.m */; };
		C729B0421BA91593006E9775 /* WeddingDemo.xcdatamodeld in Sources */ = {isa = PBXBuildFile; fileRef = C729B0401BA91593006E9775 /* WeddingDemo.xcdatamodeld */; };
		C729B04A1BA91593006E9775 /* Images.xcassets in Resources */ = {isa = PBXBuildFile; fileRef = C729B0491BA91593006E9775 /* Images.xcassets */; };
		C729B04D1BA91593006E9775 /* LaunchScreen.xib in Resources */ = {isa = PBXBuildFile; fileRef = C729B04B1BA91593006E9775 /* LaunchScreen.xib */; };
		C729B0591BA91593006E9775 /* WeddingDemoTests.m in Sources */ = {isa = PBXBuildFile; fileRef = C729B0581BA91593006E9775 /* WeddingDemoTests.m */; };
		C729B0701BA91DE3006E9775 /* JHBTools.storyboard in Resources */ = {isa = PBXBuildFile; fileRef = C729B06F1BA91DE3006E9775 /* JHBTools.storyboard */; };
		C729B0721BA91E0F006E9775 /* JHBTrade.storyboard in Resources */ = {isa = PBXBuildFile; fileRef = C729B0711BA91E0F006E9775 /* JHBTrade.storyboard */; };
		C729B0741BA91E3B006E9775 /* JHBForum.storyboard in Resources */ = {isa = PBXBuildFile; fileRef = C729B0731BA91E3B006E9775 /* JHBForum.storyboard */; };
		C729B0761BA91E52006E9775 /* JHBHomePage.storyboard in Resources */ = {isa = PBXBuildFile; fileRef = C729B0751BA91E52006E9775 /* JHBHomePage.storyboard */; };
		C76628EE1BA948EE00E11F12 /* JHBHomeViewController.m in Sources */ = {isa = PBXBuildFile; fileRef = C76628ED1BA948EE00E11F12 /* JHBHomeViewController.m */; };
		C76628F41BA94F9700E11F12 /* JHBForumTableViewController.m in Sources */ = {isa = PBXBuildFile; fileRef = C76628F31BA94F9700E11F12 /* JHBForumTableViewController.m */; };
		C7998E481BAAEE2100334CA8 /* JHBHomePageViewController.m in Sources */ = {isa = PBXBuildFile; fileRef = C7998E471BAAEE2100334CA8 /* JHBHomePageViewController.m */; };
		C7998E4B1BAAEE3700334CA8 /* JHBHomePageDataModel.m in Sources */ = {isa = PBXBuildFile; fileRef = C7998E4A1BAAEE3700334CA8 /* JHBHomePageDataModel.m */; };
		C7998E521BAAEE4600334CA8 /* JHBHomePageTableViewCell.m in Sources */ = {isa = PBXBuildFile; fileRef = C7998E4D1BAAEE4600334CA8 /* JHBHomePageTableViewCell.m */; };
		C7998E541BAAEE4600334CA8 /* JHBHomePageSection0TableViewCell.m in Sources */ = {isa = PBXBuildFile; fileRef = C7998E501BAAEE4600334CA8 /* JHBHomePageSection0TableViewCell.m */; };
		C7998E571BAAEE8800334CA8 /* tgs.plist in Resources */ = {isa = PBXBuildFile; fileRef = C7998E561BAAEE8800334CA8 /* tgs.plist */; };
		C7A65D4D1BAAC81200B5CBA5 /* JHBMeFavourateView.m in Sources */ = {isa = PBXBuildFile; fileRef = C7A65D4B1BAAC81200B5CBA5 /* JHBMeFavourateView.m */; };
		C7A65D4F1BAAD44A00B5CBA5 /* JHBMeFavourateView.xib in Resources */ = {isa = PBXBuildFile; fileRef = C7A65D4E1BAAD44A00B5CBA5 /* JHBMeFavourateView.xib */; };
		C7A65D531BAAD4A600B5CBA5 /* JHBMe.storyboard in Resources */ = {isa = PBXBuildFile; fileRef = C7A65D501BAAD4A600B5CBA5 /* JHBMe.storyboard */; };
		C7A65D541BAAD4A600B5CBA5 /* JHBMeTableViewController.m in Sources */ = {isa = PBXBuildFile; fileRef = C7A65D521BAAD4A600B5CBA5 /* JHBMeTableViewController.m */; };
		C7A65D571BAAD4CF00B5CBA5 /* JHBCategoryViewController.m in Sources */ = {isa = PBXBuildFile; fileRef = C7A65D561BAAD4CF00B5CBA5 /* JHBCategoryViewController.m */; };
		C7A65D5C1BAAD4F300B5CBA5 /* JHBFavourateViewController.m in Sources */ = {isa = PBXBuildFile; fileRef = C7A65D591BAAD4F300B5CBA5 /* JHBFavourateViewController.m */; };
		C7A65D5D1BAAD4F300B5CBA5 /* JHBOrderViewController.m in Sources */ = {isa = PBXBuildFile; fileRef = C7A65D5B1BAAD4F300B5CBA5 /* JHBOrderViewController.m */; };
		C7A65D681BAAD58D00B5CBA5 /* JHBToolsAddSeatingViewController.m in Sources */ = {isa = PBXBuildFile; fileRef = C7A65D5F1BAAD58D00B5CBA5 /* JHBToolsAddSeatingViewController.m */; };
		C7A65D691BAAD58D00B5CBA5 /* JHBToolsLoveJourneyViewController.m in Sources */ = {isa = PBXBuildFile; fileRef = C7A65D611BAAD58D00B5CBA5 /* JHBToolsLoveJourneyViewController.m */; };
		C7A65D6A1BAAD58D00B5CBA5 /* JHBToolsOurStoryViewController.m in Sources */ = {isa = PBXBuildFile; fileRef = C7A65D631BAAD58D00B5CBA5 /* JHBToolsOurStoryViewController.m */; };
		C7A65D6B1BAAD58D00B5CBA5 /* JHBToolsSeatingViewController.m in Sources */ = {isa = PBXBuildFile; fileRef = C7A65D651BAAD58D00B5CBA5 /* JHBToolsSeatingViewController.m */; };
		C7A65D6C1BAAD58D00B5CBA5 /* JHBToolsViewController.m in Sources */ = {isa = PBXBuildFile; fileRef = C7A65D671BAAD58D00B5CBA5 /* JHBToolsViewController.m */; };
		C7A65D6F1BAAD5EB00B5CBA5 /* UIView+Extension.m in Sources */ = {isa = PBXBuildFile; fileRef = C7A65D6E1BAAD5EB00B5CBA5 /* UIView+Extension.m */; };
/* End PBXBuildFile section */

/* Begin PBXContainerItemProxy section */
		C729B0531BA91593006E9775 /* PBXContainerItemProxy */ = {
			isa = PBXContainerItemProxy;
			containerPortal = C729B02E1BA91593006E9775 /* Project object */;
			proxyType = 1;
			remoteGlobalIDString = C729B0351BA91593006E9775;
			remoteInfo = WeddingDemo;
		};
/* End PBXContainerItemProxy section */

/* Begin PBXFileReference section */
		2547739A048397150C12AF60 /* Pods.debug.xcconfig */ = {isa = PBXFileReference; includeInIndex = 1; lastKnownFileType = text.xcconfig; name = Pods.debug.xcconfig; path = "Pods/Target Support Files/Pods/Pods.debug.xcconfig"; sourceTree = "<group>"; };
		30DAA111FF829033B6171F23 /* Pods.release.xcconfig */ = {isa = PBXFileReference; includeInIndex = 1; lastKnownFileType = text.xcconfig; name = Pods.release.xcconfig; path = "Pods/Target Support Files/Pods/Pods.release.xcconfig"; sourceTree = "<group>"; };
		C729B0361BA91593006E9775 /* WeddingDemo.app */ = {isa = PBXFileReference; explicitFileType = wrapper.application; includeInIndex = 0; path = WeddingDemo.app; sourceTree = BUILT_PRODUCTS_DIR; };
		C729B03A1BA91593006E9775 /* Info.plist */ = {isa = PBXFileReference; lastKnownFileType = text.plist.xml; path = Info.plist; sourceTree = "<group>"; };
		C729B03B1BA91593006E9775 /* main.m */ = {isa = PBXFileReference; lastKnownFileType = sourcecode.c.objc; path = main.m; sourceTree = "<group>"; };
		C729B03D1BA91593006E9775 /* AppDelegate.h */ = {isa = PBXFileReference; lastKnownFileType = sourcecode.c.h; path = AppDelegate.h; sourceTree = "<group>"; };
		C729B03E1BA91593006E9775 /* AppDelegate.m */ = {isa = PBXFileReference; lastKnownFileType = sourcecode.c.objc; path = AppDelegate.m; sourceTree = "<group>"; };
		C729B0411BA91593006E9775 /* WeddingDemo.xcdatamodel */ = {isa = PBXFileReference; lastKnownFileType = wrapper.xcdatamodel; path = WeddingDemo.xcdatamodel; sourceTree = "<group>"; };
		C729B0491BA91593006E9775 /* Images.xcassets */ = {isa = PBXFileReference; lastKnownFileType = folder.assetcatalog; path = Images.xcassets; sourceTree = "<group>"; };
		C729B04C1BA91593006E9775 /* Base */ = {isa = PBXFileReference; lastKnownFileType = file.xib; name = Base; path = Base.lproj/LaunchScreen.xib; sourceTree = "<group>"; };
		C729B0521BA91593006E9775 /* WeddingDemoTests.xctest */ = {isa = PBXFileReference; explicitFileType = wrapper.cfbundle; includeInIndex = 0; path = WeddingDemoTests.xctest; sourceTree = BUILT_PRODUCTS_DIR; };
		C729B0571BA91593006E9775 /* Info.plist */ = {isa = PBXFileReference; lastKnownFileType = text.plist.xml; path = Info.plist; sourceTree = "<group>"; };
		C729B0581BA91593006E9775 /* WeddingDemoTests.m */ = {isa = PBXFileReference; lastKnownFileType = sourcecode.c.objc; path = WeddingDemoTests.m; sourceTree = "<group>"; };
		C729B06F1BA91DE3006E9775 /* JHBTools.storyboard */ = {isa = PBXFileReference; fileEncoding = 4; lastKnownFileType = file.storyboard; path = JHBTools.storyboard; sourceTree = "<group>"; };
		C729B0711BA91E0F006E9775 /* JHBTrade.storyboard */ = {isa = PBXFileReference; fileEncoding = 4; lastKnownFileType = file.storyboard; path = JHBTrade.storyboard; sourceTree = "<group>"; };
		C729B0731BA91E3B006E9775 /* JHBForum.storyboard */ = {isa = PBXFileReference; fileEncoding = 4; lastKnownFileType = file.storyboard; path = JHBForum.storyboard; sourceTree = "<group>"; };
		C729B0751BA91E52006E9775 /* JHBHomePage.storyboard */ = {isa = PBXFileReference; fileEncoding = 4; lastKnownFileType = file.storyboard; path = JHBHomePage.storyboard; sourceTree = "<group>"; };
		C76628EC1BA948EE00E11F12 /* JHBHomeViewController.h */ = {isa = PBXFileReference; fileEncoding = 4; lastKnownFileType = sourcecode.c.h; path = JHBHomeViewController.h; sourceTree = "<group>"; };
		C76628ED1BA948EE00E11F12 /* JHBHomeViewController.m */ = {isa = PBXFileReference; fileEncoding = 4; lastKnownFileType = sourcecode.c.objc; path = JHBHomeViewController.m; sourceTree = "<group>"; };
		C76628F21BA94F9700E11F12 /* JHBForumTableViewController.h */ = {isa = PBXFileReference; fileEncoding = 4; lastKnownFileType = sourcecode.c.h; path = JHBForumTableViewController.h; sourceTree = "<group>"; };
		C76628F31BA94F9700E11F12 /* JHBForumTableViewController.m */ = {isa = PBXFileReference; fileEncoding = 4; lastKnownFileType = sourcecode.c.objc; path = JHBForumTableViewController.m; sourceTree = "<group>"; };
		C7998E461BAAEE2100334CA8 /* JHBHomePageViewController.h */ = {isa = PBXFileReference; fileEncoding = 4; lastKnownFileType = sourcecode.c.h; path = JHBHomePageViewController.h; sourceTree = "<group>"; };
		C7998E471BAAEE2100334CA8 /* JHBHomePageViewController.m */ = {isa = PBXFileReference; fileEncoding = 4; lastKnownFileType = sourcecode.c.objc; path = JHBHomePageViewController.m; sourceTree = "<group>"; };
		C7998E491BAAEE3700334CA8 /* JHBHomePageDataModel.h */ = {isa = PBXFileReference; fileEncoding = 4; lastKnownFileType = sourcecode.c.h; path = JHBHomePageDataModel.h; sourceTree = "<group>"; };
		C7998E4A1BAAEE3700334CA8 /* JHBHomePageDataModel.m */ = {isa = PBXFileReference; fileEncoding = 4; lastKnownFileType = sourcecode.c.objc; path = JHBHomePageDataModel.m; sourceTree = "<group>"; };
		C7998E4C1BAAEE4600334CA8 /* JHBHomePageTableViewCell.h */ = {isa = PBXFileReference; fileEncoding = 4; lastKnownFileType = sourcecode.c.h; path = JHBHomePageTableViewCell.h; sourceTree = "<group>"; };
		C7998E4D1BAAEE4600334CA8 /* JHBHomePageTableViewCell.m */ = {isa = PBXFileReference; fileEncoding = 4; lastKnownFileType = sourcecode.c.objc; path = JHBHomePageTableViewCell.m; sourceTree = "<group>"; };
		C7998E4F1BAAEE4600334CA8 /* JHBHomePageSection0TableViewCell.h */ = {isa = PBXFileReference; fileEncoding = 4; lastKnownFileType = sourcecode.c.h; path = JHBHomePageSection0TableViewCell.h; sourceTree = "<group>"; };
		C7998E501BAAEE4600334CA8 /* JHBHomePageSection0TableViewCell.m */ = {isa = PBXFileReference; fileEncoding = 4; lastKnownFileType = sourcecode.c.objc; path = JHBHomePageSection0TableViewCell.m; sourceTree = "<group>"; };
		C7998E561BAAEE8800334CA8 /* tgs.plist */ = {isa = PBXFileReference; fileEncoding = 4; lastKnownFileType = text.plist.xml; path = tgs.plist; sourceTree = "<group>"; };
		C7A65D4A1BAAC81200B5CBA5 /* JHBMeFavourateView.h */ = {isa = PBXFileReference; fileEncoding = 4; lastKnownFileType = sourcecode.c.h; path = JHBMeFavourateView.h; sourceTree = "<group>"; };
		C7A65D4B1BAAC81200B5CBA5 /* JHBMeFavourateView.m */ = {isa = PBXFileReference; fileEncoding = 4; lastKnownFileType = sourcecode.c.objc; path = JHBMeFavourateView.m; sourceTree = "<group>"; };
		C7A65D4E1BAAD44A00B5CBA5 /* JHBMeFavourateView.xib */ = {isa = PBXFileReference; fileEncoding = 4; lastKnownFileType = file.xib; path = JHBMeFavourateView.xib; sourceTree = "<group>"; };
		C7A65D501BAAD4A600B5CBA5 /* JHBMe.storyboard */ = {isa = PBXFileReference; fileEncoding = 4; lastKnownFileType = file.storyboard; path = JHBMe.storyboard; sourceTree = "<group>"; };
		C7A65D511BAAD4A600B5CBA5 /* JHBMeTableViewController.h */ = {isa = PBXFileReference; fileEncoding = 4; lastKnownFileType = sourcecode.c.h; path = JHBMeTableViewController.h; sourceTree = "<group>"; };
		C7A65D521BAAD4A600B5CBA5 /* JHBMeTableViewController.m */ = {isa = PBXFileReference; fileEncoding = 4; lastKnownFileType = sourcecode.c.objc; path = JHBMeTableViewController.m; sourceTree = "<group>"; };
		C7A65D551BAAD4CF00B5CBA5 /* JHBCategoryViewController.h */ = {isa = PBXFileReference; fileEncoding = 4; lastKnownFileType = sourcecode.c.h; path = JHBCategoryViewController.h; sourceTree = "<group>"; };
		C7A65D561BAAD4CF00B5CBA5 /* JHBCategoryViewController.m */ = {isa = PBXFileReference; fileEncoding = 4; lastKnownFileType = sourcecode.c.objc; path = JHBCategoryViewController.m; sourceTree = "<group>"; };
		C7A65D581BAAD4F300B5CBA5 /* JHBFavourateViewController.h */ = {isa = PBXFileReference; fileEncoding = 4; lastKnownFileType = sourcecode.c.h; path = JHBFavourateViewController.h; sourceTree = "<group>"; };
		C7A65D591BAAD4F300B5CBA5 /* JHBFavourateViewController.m */ = {isa = PBXFileReference; fileEncoding = 4; lastKnownFileType = sourcecode.c.objc; path = JHBFavourateViewController.m; sourceTree = "<group>"; };
		C7A65D5A1BAAD4F300B5CBA5 /* JHBOrderViewController.h */ = {isa = PBXFileReference; fileEncoding = 4; lastKnownFileType = sourcecode.c.h; path = JHBOrderViewController.h; sourceTree = "<group>"; };
		C7A65D5B1BAAD4F300B5CBA5 /* JHBOrderViewController.m */ = {isa = PBXFileReference; fileEncoding = 4; lastKnownFileType = sourcecode.c.objc; path = JHBOrderViewController.m; sourceTree = "<group>"; };
		C7A65D5E1BAAD58D00B5CBA5 /* JHBToolsAddSeatingViewController.h */ = {isa = PBXFileReference; fileEncoding = 4; lastKnownFileType = sourcecode.c.h; path = JHBToolsAddSeatingViewController.h; sourceTree = "<group>"; };
		C7A65D5F1BAAD58D00B5CBA5 /* JHBToolsAddSeatingViewController.m */ = {isa = PBXFileReference; fileEncoding = 4; lastKnownFileType = sourcecode.c.objc; path = JHBToolsAddSeatingViewController.m; sourceTree = "<group>"; };
		C7A65D601BAAD58D00B5CBA5 /* JHBToolsLoveJourneyViewController.h */ = {isa = PBXFileReference; fileEncoding = 4; lastKnownFileType = sourcecode.c.h; path = JHBToolsLoveJourneyViewController.h; sourceTree = "<group>"; };
		C7A65D611BAAD58D00B5CBA5 /* JHBToolsLoveJourneyViewController.m */ = {isa = PBXFileReference; fileEncoding = 4; lastKnownFileType = sourcecode.c.objc; path = JHBToolsLoveJourneyViewController.m; sourceTree = "<group>"; };
		C7A65D621BAAD58D00B5CBA5 /* JHBToolsOurStoryViewController.h */ = {isa = PBXFileReference; fileEncoding = 4; lastKnownFileType = sourcecode.c.h; path = JHBToolsOurStoryViewController.h; sourceTree = "<group>"; };
		C7A65D631BAAD58D00B5CBA5 /* JHBToolsOurStoryViewController.m */ = {isa = PBXFileReference; fileEncoding = 4; lastKnownFileType = sourcecode.c.objc; path = JHBToolsOurStoryViewController.m; sourceTree = "<group>"; };
		C7A65D641BAAD58D00B5CBA5 /* JHBToolsSeatingViewController.h */ = {isa = PBXFileReference; fileEncoding = 4; lastKnownFileType = sourcecode.c.h; path = JHBToolsSeatingViewController.h; sourceTree = "<group>"; };
		C7A65D651BAAD58D00B5CBA5 /* JHBToolsSeatingViewController.m */ = {isa = PBXFileReference; fileEncoding = 4; lastKnownFileType = sourcecode.c.objc; path = JHBToolsSeatingViewController.m; sourceTree = "<group>"; };
		C7A65D661BAAD58D00B5CBA5 /* JHBToolsViewController.h */ = {isa = PBXFileReference; fileEncoding = 4; lastKnownFileType = sourcecode.c.h; path = JHBToolsViewController.h; sourceTree = "<group>"; };
		C7A65D671BAAD58D00B5CBA5 /* JHBToolsViewController.m */ = {isa = PBXFileReference; fileEncoding = 4; lastKnownFileType = sourcecode.c.objc; path = JHBToolsViewController.m; sourceTree = "<group>"; };
		C7A65D6D1BAAD5EB00B5CBA5 /* UIView+Extension.h */ = {isa = PBXFileReference; fileEncoding = 4; lastKnownFileType = sourcecode.c.h; path = "UIView+Extension.h"; sourceTree = "<group>"; };
		C7A65D6E1BAAD5EB00B5CBA5 /* UIView+Extension.m */ = {isa = PBXFileReference; fileEncoding = 4; lastKnownFileType = sourcecode.c.objc; path = "UIView+Extension.m"; sourceTree = "<group>"; };
		DC57337F79B2E6D4C6CFBB25 /* libPods.a */ = {isa = PBXFileReference; explicitFileType = archive.ar; includeInIndex = 0; path = libPods.a; sourceTree = BUILT_PRODUCTS_DIR; };
/* End PBXFileReference section */

/* Begin PBXFrameworksBuildPhase section */
		C729B0331BA91593006E9775 /* Frameworks */ = {
			isa = PBXFrameworksBuildPhase;
			buildActionMask = 2147483647;
			files = (
				81BB1550A8685C1FAA836CAF /* libPods.a in Frameworks */,
			);
			runOnlyForDeploymentPostprocessing = 0;
		};
		C729B04F1BA91593006E9775 /* Frameworks */ = {
			isa = PBXFrameworksBuildPhase;
			buildActionMask = 2147483647;
			files = (
			);
			runOnlyForDeploymentPostprocessing = 0;
		};
/* End PBXFrameworksBuildPhase section */

/* Begin PBXGroup section */
		A8B7C056DAFF0A95F9E02A8F /* Frameworks */ = {
			isa = PBXGroup;
			children = (
				DC57337F79B2E6D4C6CFBB25 /* libPods.a */,
			);
			name = Frameworks;
			sourceTree = "<group>";
		};
		C729B02D1BA91593006E9775 = {
			isa = PBXGroup;
			children = (
				C729B0381BA91593006E9775 /* WeddingDemo */,
				C729B0551BA91593006E9775 /* WeddingDemoTests */,
				C729B0371BA91593006E9775 /* Products */,
				F2F6A28CCD304DEC16A77B05 /* Pods */,
				A8B7C056DAFF0A95F9E02A8F /* Frameworks */,
			);
			sourceTree = "<group>";
		};
		C729B0371BA91593006E9775 /* Products */ = {
			isa = PBXGroup;
			children = (
				C729B0361BA91593006E9775 /* WeddingDemo.app */,
				C729B0521BA91593006E9775 /* WeddingDemoTests.xctest */,
			);
			name = Products;
			sourceTree = "<group>";
		};
		C729B0381BA91593006E9775 /* WeddingDemo */ = {
			isa = PBXGroup;
			children = (
				C76628F11BA94DC700E11F12 /* Category */,
				C76628F01BA94DA800E11F12 /* Views */,
				C76628EF1BA94D8500E11F12 /* Model */,
				C729B0631BA915C1006E9775 /* Other */,
				C729B0621BA9159E006E9775 /* Controllers */,
				C729B0491BA91593006E9775 /* Images.xcassets */,
				C729B04B1BA91593006E9775 /* LaunchScreen.xib */,
				C729B0401BA91593006E9775 /* WeddingDemo.xcdatamodeld */,
				C729B0391BA91593006E9775 /* Supporting Files */,
			);
			path = WeddingDemo;
			sourceTree = "<group>";
		};
		C729B0391BA91593006E9775 /* Supporting Files */ = {
			isa = PBXGroup;
			children = (
				C729B03A1BA91593006E9775 /* Info.plist */,
				C729B03B1BA91593006E9775 /* main.m */,
			);
			name = "Supporting Files";
			sourceTree = "<group>";
		};
		C729B0551BA91593006E9775 /* WeddingDemoTests */ = {
			isa = PBXGroup;
			children = (
				C729B0581BA91593006E9775 /* WeddingDemoTests.m */,
				C729B0561BA91593006E9775 /* Supporting Files */,
			);
			path = WeddingDemoTests;
			sourceTree = "<group>";
		};
		C729B0561BA91593006E9775 /* Supporting Files */ = {
			isa = PBXGroup;
			children = (
				C729B0571BA91593006E9775 /* Info.plist */,
			);
			name = "Supporting Files";
			sourceTree = "<group>";
		};
		C729B0621BA9159E006E9775 /* Controllers */ = {
			isa = PBXGroup;
			children = (
				C729B0691BA916B8006E9775 /* 我 */,
				C729B0681BA916B1006E9775 /* 工具 */,
				C729B0671BA9166C006E9775 /* 交易 */,
				C729B0661BA91621006E9775 /* 论坛 */,
				C729B0651BA91617006E9775 /* 主页 */,
				C729B0641BA915DC006E9775 /* 主界面 */,
			);
			name = Controllers;
			sourceTree = "<group>";
		};
		C729B0631BA915C1006E9775 /* Other */ = {
			isa = PBXGroup;
			children = (
				C729B03D1BA91593006E9775 /* AppDelegate.h */,
				C729B03E1BA91593006E9775 /* AppDelegate.m */,
			);
			name = Other;
			sourceTree = "<group>";
		};
		C729B0641BA915DC006E9775 /* 主界面 */ = {
			isa = PBXGroup;
			children = (
				C76628EC1BA948EE00E11F12 /* JHBHomeViewController.h */,
				C76628ED1BA948EE00E11F12 /* JHBHomeViewController.m */,
			);
			name = "主界面";
			sourceTree = "<group>";
		};
		C729B0651BA91617006E9775 /* 主页 */ = {
			isa = PBXGroup;
			children = (
				C7998E451BAAED9800334CA8 /* Others */,
				C7998E441BAAED9400334CA8 /* Model */,
				C7998E431BAAED9000334CA8 /* View */,
				C7998E421BAAED8000334CA8 /* Controller */,
			);
			name = "主页";
			sourceTree = "<group>";
		};
		C729B0661BA91621006E9775 /* 论坛 */ = {
			isa = PBXGroup;
			children = (
				C729B0731BA91E3B006E9775 /* JHBForum.storyboard */,
				C76628F21BA94F9700E11F12 /* JHBForumTableViewController.h */,
				C76628F31BA94F9700E11F12 /* JHBForumTableViewController.m */,
			);
			name = "论坛";
			sourceTree = "<group>";
		};
		C729B0671BA9166C006E9775 /* 交易 */ = {
			isa = PBXGroup;
			children = (
				C729B0711BA91E0F006E9775 /* JHBTrade.storyboard */,
			);
			name = "交易";
			sourceTree = "<group>";
		};
		C729B0681BA916B1006E9775 /* 工具 */ = {
			isa = PBXGroup;
			children = (
				C729B06F1BA91DE3006E9775 /* JHBTools.storyboard */,
				C7A65D5E1BAAD58D00B5CBA5 /* JHBToolsAddSeatingViewController.h */,
				C7A65D5F1BAAD58D00B5CBA5 /* JHBToolsAddSeatingViewController.m */,
				C7A65D601BAAD58D00B5CBA5 /* JHBToolsLoveJourneyViewController.h */,
				C7A65D611BAAD58D00B5CBA5 /* JHBToolsLoveJourneyViewController.m */,
				C7A65D621BAAD58D00B5CBA5 /* JHBToolsOurStoryViewController.h */,
				C7A65D631BAAD58D00B5CBA5 /* JHBToolsOurStoryViewController.m */,
				C7A65D641BAAD58D00B5CBA5 /* JHBToolsSeatingViewController.h */,
				C7A65D651BAAD58D00B5CBA5 /* JHBToolsSeatingViewController.m */,
				C7A65D661BAAD58D00B5CBA5 /* JHBToolsViewController.h */,
				C7A65D671BAAD58D00B5CBA5 /* JHBToolsViewController.m */,
			);
			name = "工具";
			sourceTree = "<group>";
		};
		C729B0691BA916B8006E9775 /* 我 */ = {
			isa = PBXGroup;
			children = (
				C7A65D501BAAD4A600B5CBA5 /* JHBMe.storyboard */,
				C7A65D511BAAD4A600B5CBA5 /* JHBMeTableViewController.h */,
				C7A65D521BAAD4A600B5CBA5 /* JHBMeTableViewController.m */,
				C7A65D551BAAD4CF00B5CBA5 /* JHBCategoryViewController.h */,
				C7A65D561BAAD4CF00B5CBA5 /* JHBCategoryViewController.m */,
				C7A65D581BAAD4F300B5CBA5 /* JHBFavourateViewController.h */,
				C7A65D591BAAD4F300B5CBA5 /* JHBFavourateViewController.m */,
				C7A65D5A1BAAD4F300B5CBA5 /* JHBOrderViewController.h */,
				C7A65D5B1BAAD4F300B5CBA5 /* JHBOrderViewController.m */,
			);
			name = "我";
			sourceTree = "<group>";
		};
		C76628EF1BA94D8500E11F12 /* Model */ = {
			isa = PBXGroup;
			children = (
			);
			name = Model;
			sourceTree = "<group>";
		};
		C76628F01BA94DA800E11F12 /* Views */ = {
			isa = PBXGroup;
			children = (
				C7A65D481BAAC7D500B5CBA5 /* 我 */,
			);
			name = Views;
			sourceTree = "<group>";
		};
		C76628F11BA94DC700E11F12 /* Category */ = {
			isa = PBXGroup;
			children = (
				C7A65D6D1BAAD5EB00B5CBA5 /* UIView+Extension.h */,
				C7A65D6E1BAAD5EB00B5CBA5 /* UIView+Extension.m */,
			);
			name = Category;
			sourceTree = "<group>";
		};
		C7998E421BAAED8000334CA8 /* Controller */ = {
			isa = PBXGroup;
			children = (
				C7998E461BAAEE2100334CA8 /* JHBHomePageViewController.h */,
				C7998E471BAAEE2100334CA8 /* JHBHomePageViewController.m */,
			);
			name = Controller;
			sourceTree = "<group>";
		};
		C7998E431BAAED9000334CA8 /* View */ = {
			isa = PBXGroup;
			children = (
				C7998E4F1BAAEE4600334CA8 /* JHBHomePageSection0TableViewCell.h */,
				C7998E501BAAEE4600334CA8 /* JHBHomePageSection0TableViewCell.m */,
				C7998E4C1BAAEE4600334CA8 /* JHBHomePageTableViewCell.h */,
				C7998E4D1BAAEE4600334CA8 /* JHBHomePageTableViewCell.m */,
			);
			name = View;
			sourceTree = "<group>";
		};
		C7998E441BAAED9400334CA8 /* Model */ = {
			isa = PBXGroup;
			children = (
				C7998E491BAAEE3700334CA8 /* JHBHomePageDataModel.h */,
				C7998E4A1BAAEE3700334CA8 /* JHBHomePageDataModel.m */,
			);
			name = Model;
			sourceTree = "<group>";
		};
		C7998E451BAAED9800334CA8 /* Others */ = {
			isa = PBXGroup;
			children = (
				C7998E561BAAEE8800334CA8 /* tgs.plist */,
				C729B0751BA91E52006E9775 /* JHBHomePage.storyboard */,
			);
			name = Others;
			sourceTree = "<group>";
		};
		C7A65D481BAAC7D500B5CBA5 /* 我 */ = {
			isa = PBXGroup;
			children = (
				C7A65D4E1BAAD44A00B5CBA5 /* JHBMeFavourateView.xib */,
				C7A65D4A1BAAC81200B5CBA5 /* JHBMeFavourateView.h */,
				C7A65D4B1BAAC81200B5CBA5 /* JHBMeFavourateView.m */,
			);
			name = "我";
			sourceTree = "<group>";
		};
		F2F6A28CCD304DEC16A77B05 /* Pods */ = {
			isa = PBXGroup;
			children = (
				2547739A048397150C12AF60 /* Pods.debug.xcconfig */,
				30DAA111FF829033B6171F23 /* Pods.release.xcconfig */,
			);
			name = Pods;
			sourceTree = "<group>";
		};
/* End PBXGroup section */

/* Begin PBXNativeTarget section */
		C729B0351BA91593006E9775 /* WeddingDemo */ = {
			isa = PBXNativeTarget;
			buildConfigurationList = C729B05C1BA91593006E9775 /* Build configuration list for PBXNativeTarget "WeddingDemo" */;
			buildPhases = (
				B7E21E441930A20313BBA110 /* Check Pods Manifest.lock */,
				C729B0321BA91593006E9775 /* Sources */,
				C729B0331BA91593006E9775 /* Frameworks */,
				C729B0341BA91593006E9775 /* Resources */,
				3521FBA63856EBBED9F69756 /* Copy Pods Resources */,
			);
			buildRules = (
			);
			dependencies = (
			);
			name = WeddingDemo;
			productName = WeddingDemo;
			productReference = C729B0361BA91593006E9775 /* WeddingDemo.app */;
			productType = "com.apple.product-type.application";
		};
		C729B0511BA91593006E9775 /* WeddingDemoTests */ = {
			isa = PBXNativeTarget;
			buildConfigurationList = C729B05F1BA91593006E9775 /* Build configuration list for PBXNativeTarget "WeddingDemoTests" */;
			buildPhases = (
				C729B04E1BA91593006E9775 /* Sources */,
				C729B04F1BA91593006E9775 /* Frameworks */,
				C729B0501BA91593006E9775 /* Resources */,
			);
			buildRules = (
			);
			dependencies = (
				C729B0541BA91593006E9775 /* PBXTargetDependency */,
			);
			name = WeddingDemoTests;
			productName = WeddingDemoTests;
			productReference = C729B0521BA91593006E9775 /* WeddingDemoTests.xctest */;
			productType = "com.apple.product-type.bundle.unit-test";
		};
/* End PBXNativeTarget section */

/* Begin PBXProject section */
		C729B02E1BA91593006E9775 /* Project object */ = {
			isa = PBXProject;
			attributes = {
				LastUpgradeCheck = 0630;
				ORGANIZATIONNAME = Misted;
				TargetAttributes = {
					C729B0351BA91593006E9775 = {
						CreatedOnToolsVersion = 6.3.2;
					};
					C729B0511BA91593006E9775 = {
						CreatedOnToolsVersion = 6.3.2;
						TestTargetID = C729B0351BA91593006E9775;
					};
				};
			};
			buildConfigurationList = C729B0311BA91593006E9775 /* Build configuration list for PBXProject "WeddingDemo" */;
			compatibilityVersion = "Xcode 3.2";
			developmentRegion = English;
			hasScannedForEncodings = 0;
			knownRegions = (
				en,
				Base,
			);
			mainGroup = C729B02D1BA91593006E9775;
			productRefGroup = C729B0371BA91593006E9775 /* Products */;
			projectDirPath = "";
			projectRoot = "";
			targets = (
				C729B0351BA91593006E9775 /* WeddingDemo */,
				C729B0511BA91593006E9775 /* WeddingDemoTests */,
			);
		};
/* End PBXProject section */

/* Begin PBXResourcesBuildPhase section */
		C729B0341BA91593006E9775 /* Resources */ = {
			isa = PBXResourcesBuildPhase;
			buildActionMask = 2147483647;
			files = (
				C729B0721BA91E0F006E9775 /* JHBTrade.storyboard in Resources */,
				C729B04D1BA91593006E9775 /* LaunchScreen.xib in Resources */,
				C7998E571BAAEE8800334CA8 /* tgs.plist in Resources */,
				C729B0741BA91E3B006E9775 /* JHBForum.storyboard in Resources */,
				C7A65D4F1BAAD44A00B5CBA5 /* JHBMeFavourateView.xib in Resources */,
				C729B04A1BA91593006E9775 /* Images.xcassets in Resources */,
				C7A65D531BAAD4A600B5CBA5 /* JHBMe.storyboard in Resources */,
				C729B0701BA91DE3006E9775 /* JHBTools.storyboard in Resources */,
				C729B0761BA91E52006E9775 /* JHBHomePage.storyboard in Resources */,
			);
			runOnlyForDeploymentPostprocessing = 0;
		};
		C729B0501BA91593006E9775 /* Resources */ = {
			isa = PBXResourcesBuildPhase;
			buildActionMask = 2147483647;
			files = (
			);
			runOnlyForDeploymentPostprocessing = 0;
		};
/* End PBXResourcesBuildPhase section */

/* Begin PBXShellScriptBuildPhase section */
		3521FBA63856EBBED9F69756 /* Copy Pods Resources */ = {
			isa = PBXShellScriptBuildPhase;
			buildActionMask = 2147483647;
			files = (
			);
			inputPaths = (
			);
			name = "Copy Pods Resources";
			outputPaths = (
			);
			runOnlyForDeploymentPostprocessing = 0;
			shellPath = /bin/sh;
			shellScript = "\"${SRCROOT}/Pods/Target Support Files/Pods/Pods-resources.sh\"\n";
			showEnvVarsInLog = 0;
		};
		B7E21E441930A20313BBA110 /* Check Pods Manifest.lock */ = {
			isa = PBXShellScriptBuildPhase;
			buildActionMask = 2147483647;
			files = (
			);
			inputPaths = (
			);
			name = "Check Pods Manifest.lock";
			outputPaths = (
			);
			runOnlyForDeploymentPostprocessing = 0;
			shellPath = /bin/sh;
			shellScript = "diff \"${PODS_ROOT}/../Podfile.lock\" \"${PODS_ROOT}/Manifest.lock\" > /dev/null\nif [[ $? != 0 ]] ; then\n    cat << EOM\nerror: The sandbox is not in sync with the Podfile.lock. Run 'pod install' or update your CocoaPods installation.\nEOM\n    exit 1\nfi\n";
			showEnvVarsInLog = 0;
		};
/* End PBXShellScriptBuildPhase section */

/* Begin PBXSourcesBuildPhase section */
		C729B0321BA91593006E9775 /* Sources */ = {
			isa = PBXSourcesBuildPhase;
			buildActionMask = 2147483647;
			files = (
				C7A65D5D1BAAD4F300B5CBA5 /* JHBOrderViewController.m in Sources */,
				C729B03F1BA91593006E9775 /* AppDelegate.m in Sources */,
				C7998E4B1BAAEE3700334CA8 /* JHBHomePageDataModel.m in Sources */,
				C7A65D4D1BAAC81200B5CBA5 /* JHBMeFavourateView.m in Sources */,
				C7998E481BAAEE2100334CA8 /* JHBHomePageViewController.m in Sources */,
				C7A65D6A1BAAD58D00B5CBA5 /* JHBToolsOurStoryViewController.m in Sources */,
				C76628F41BA94F9700E11F12 /* JHBForumTableViewController.m in Sources */,
				C7A65D691BAAD58D00B5CBA5 /* JHBToolsLoveJourneyViewController.m in Sources */,
				C7A65D541BAAD4A600B5CBA5 /* JHBMeTableViewController.m in Sources */,
				C7998E521BAAEE4600334CA8 /* JHBHomePageTableViewCell.m in Sources */,
				C729B0421BA91593006E9775 /* WeddingDemo.xcdatamodeld in Sources */,
				C76628EE1BA948EE00E11F12 /* JHBHomeViewController.m in Sources */,
				C7A65D6C1BAAD58D00B5CBA5 /* JHBToolsViewController.m in Sources */,
				C7A65D6B1BAAD58D00B5CBA5 /* JHBToolsSeatingViewController.m in Sources */,
				C7A65D681BAAD58D00B5CBA5 /* JHBToolsAddSeatingViewController.m in Sources */,
				C729B03C1BA91593006E9775 /* main.m in Sources */,
				C7A65D5C1BAAD4F300B5CBA5 /* JHBFavourateViewController.m in Sources */,
				C7A65D6F1BAAD5EB00B5CBA5 /* UIView+Extension.m in Sources */,
				C7A65D571BAAD4CF00B5CBA5 /* JHBCategoryViewController.m in Sources */,
				C7998E541BAAEE4600334CA8 /* JHBHomePageSection0TableViewCell.m in Sources */,
			);
			runOnlyForDeploymentPostprocessing = 0;
		};
		C729B04E1BA91593006E9775 /* Sources */ = {
			isa = PBXSourcesBuildPhase;
			buildActionMask = 2147483647;
			files = (
				C729B0591BA91593006E9775 /* WeddingDemoTests.m in Sources */,
			);
			runOnlyForDeploymentPostprocessing = 0;
		};
/* End PBXSourcesBuildPhase section */

/* Begin PBXTargetDependency section */
		C729B0541BA91593006E9775 /* PBXTargetDependency */ = {
			isa = PBXTargetDependency;
			target = C729B0351BA91593006E9775 /* WeddingDemo */;
			targetProxy = C729B0531BA91593006E9775 /* PBXContainerItemProxy */;
		};
/* End PBXTargetDependency section */

/* Begin PBXVariantGroup section */
		C729B04B1BA91593006E9775 /* LaunchScreen.xib */ = {
			isa = PBXVariantGroup;
			children = (
				C729B04C1BA91593006E9775 /* Base */,
			);
			name = LaunchScreen.xib;
			sourceTree = "<group>";
		};
/* End PBXVariantGroup section */

/* Begin XCBuildConfiguration section */
		C729B05A1BA91593006E9775 /* Debug */ = {
			isa = XCBuildConfiguration;
			buildSettings = {
				ALWAYS_SEARCH_USER_PATHS = NO;
				CLANG_CXX_LANGUAGE_STANDARD = "gnu++0x";
				CLANG_CXX_LIBRARY = "libc++";
				CLANG_ENABLE_MODULES = YES;
				CLANG_ENABLE_OBJC_ARC = YES;
				CLANG_WARN_BOOL_CONVERSION = YES;
				CLANG_WARN_CONSTANT_CONVERSION = YES;
				CLANG_WARN_DIRECT_OBJC_ISA_USAGE = YES_ERROR;
				CLANG_WARN_EMPTY_BODY = YES;
				CLANG_WARN_ENUM_CONVERSION = YES;
				CLANG_WARN_INT_CONVERSION = YES;
				CLANG_WARN_OBJC_ROOT_CLASS = YES_ERROR;
				CLANG_WARN_UNREACHABLE_CODE = YES;
				CLANG_WARN__DUPLICATE_METHOD_MATCH = YES;
				"CODE_SIGN_IDENTITY[sdk=iphoneos*]" = "iPhone Developer";
				COPY_PHASE_STRIP = NO;
				DEBUG_INFORMATION_FORMAT = "dwarf-with-dsym";
				ENABLE_STRICT_OBJC_MSGSEND = YES;
				GCC_C_LANGUAGE_STANDARD = gnu99;
				GCC_DYNAMIC_NO_PIC = NO;
				GCC_NO_COMMON_BLOCKS = YES;
				GCC_OPTIMIZATION_LEVEL = 0;
				GCC_PREPROCESSOR_DEFINITIONS = (
					"DEBUG=1",
					"$(inherited)",
				);
				GCC_SYMBOLS_PRIVATE_EXTERN = NO;
				GCC_WARN_64_TO_32_BIT_CONVERSION = YES;
				GCC_WARN_ABOUT_RETURN_TYPE = YES_ERROR;
				GCC_WARN_UNDECLARED_SELECTOR = YES;
				GCC_WARN_UNINITIALIZED_AUTOS = YES_AGGRESSIVE;
				GCC_WARN_UNUSED_FUNCTION = YES;
				GCC_WARN_UNUSED_VARIABLE = YES;
				IPHONEOS_DEPLOYMENT_TARGET = 8.3;
				MTL_ENABLE_DEBUG_INFO = YES;
				ONLY_ACTIVE_ARCH = YES;
				SDKROOT = iphoneos;
				TARGETED_DEVICE_FAMILY = "1,2";
			};
			name = Debug;
		};
		C729B05B1BA91593006E9775 /* Release */ = {
			isa = XCBuildConfiguration;
			buildSettings = {
				ALWAYS_SEARCH_USER_PATHS = NO;
				CLANG_CXX_LANGUAGE_STANDARD = "gnu++0x";
				CLANG_CXX_LIBRARY = "libc++";
				CLANG_ENABLE_MODULES = YES;
				CLANG_ENABLE_OBJC_ARC = YES;
				CLANG_WARN_BOOL_CONVERSION = YES;
				CLANG_WARN_CONSTANT_CONVERSION = YES;
				CLANG_WARN_DIRECT_OBJC_ISA_USAGE = YES_ERROR;
				CLANG_WARN_EMPTY_BODY = YES;
				CLANG_WARN_ENUM_CONVERSION = YES;
				CLANG_WARN_INT_CONVERSION = YES;
				CLANG_WARN_OBJC_ROOT_CLASS = YES_ERROR;
				CLANG_WARN_UNREACHABLE_CODE = YES;
				CLANG_WARN__DUPLICATE_METHOD_MATCH = YES;
				"CODE_SIGN_IDENTITY[sdk=iphoneos*]" = "iPhone Developer";
				COPY_PHASE_STRIP = NO;
				DEBUG_INFORMATION_FORMAT = "dwarf-with-dsym";
				ENABLE_NS_ASSERTIONS = NO;
				ENABLE_STRICT_OBJC_MSGSEND = YES;
				GCC_C_LANGUAGE_STANDARD = gnu99;
				GCC_NO_COMMON_BLOCKS = YES;
				GCC_WARN_64_TO_32_BIT_CONVERSION = YES;
				GCC_WARN_ABOUT_RETURN_TYPE = YES_ERROR;
				GCC_WARN_UNDECLARED_SELECTOR = YES;
				GCC_WARN_UNINITIALIZED_AUTOS = YES_AGGRESSIVE;
				GCC_WARN_UNUSED_FUNCTION = YES;
				GCC_WARN_UNUSED_VARIABLE = YES;
				IPHONEOS_DEPLOYMENT_TARGET = 8.3;
				MTL_ENABLE_DEBUG_INFO = NO;
				SDKROOT = iphoneos;
				TARGETED_DEVICE_FAMILY = "1,2";
				VALIDATE_PRODUCT = YES;
			};
			name = Release;
		};
		C729B05D1BA91593006E9775 /* Debug */ = {
			isa = XCBuildConfiguration;
			baseConfigurationReference = 2547739A048397150C12AF60 /* Pods.debug.xcconfig */;
			buildSettings = {
				ASSETCATALOG_COMPILER_APPICON_NAME = AppIcon;
				INFOPLIST_FILE = WeddingDemo/Info.plist;
				LD_RUNPATH_SEARCH_PATHS = "$(inherited) @executable_path/Frameworks";
				PRODUCT_NAME = "$(TARGET_NAME)";
			};
			name = Debug;
		};
		C729B05E1BA91593006E9775 /* Release */ = {
			isa = XCBuildConfiguration;
			baseConfigurationReference = 30DAA111FF829033B6171F23 /* Pods.release.xcconfig */;
			buildSettings = {
				ASSETCATALOG_COMPILER_APPICON_NAME = AppIcon;
				INFOPLIST_FILE = WeddingDemo/Info.plist;
				LD_RUNPATH_SEARCH_PATHS = "$(inherited) @executable_path/Frameworks";
				PRODUCT_NAME = "$(TARGET_NAME)";
			};
			name = Release;
		};
		C729B0601BA91593006E9775 /* Debug */ = {
			isa = XCBuildConfiguration;
			buildSettings = {
				BUNDLE_LOADER = "$(TEST_HOST)";
				FRAMEWORK_SEARCH_PATHS = (
					"$(SDKROOT)/Developer/Library/Frameworks",
					"$(inherited)",
				);
				GCC_PREPROCESSOR_DEFINITIONS = (
					"DEBUG=1",
					"$(inherited)",
				);
				INFOPLIST_FILE = WeddingDemoTests/Info.plist;
				LD_RUNPATH_SEARCH_PATHS = "$(inherited) @executable_path/Frameworks @loader_path/Frameworks";
				PRODUCT_NAME = "$(TARGET_NAME)";
				TEST_HOST = "$(BUILT_PRODUCTS_DIR)/WeddingDemo.app/WeddingDemo";
			};
			name = Debug;
		};
		C729B0611BA91593006E9775 /* Release */ = {
			isa = XCBuildConfiguration;
			buildSettings = {
				BUNDLE_LOADER = "$(TEST_HOST)";
				FRAMEWORK_SEARCH_PATHS = (
					"$(SDKROOT)/Developer/Library/Frameworks",
					"$(inherited)",
				);
				INFOPLIST_FILE = WeddingDemoTests/Info.plist;
				LD_RUNPATH_SEARCH_PATHS = "$(inherited) @executable_path/Frameworks @loader_path/Frameworks";
				PRODUCT_NAME = "$(TARGET_NAME)";
				TEST_HOST = "$(BUILT_PRODUCTS_DIR)/WeddingDemo.app/WeddingDemo";
			};
			name = Release;
		};
/* End XCBuildConfiguration section */

/* Begin XCConfigurationList section */
		C729B0311BA91593006E9775 /* Build configuration list for PBXProject "WeddingDemo" */ = {
			isa = XCConfigurationList;
			buildConfigurations = (
				C729B05A1BA91593006E9775 /* Debug */,
				C729B05B1BA91593006E9775 /* Release */,
			);
			defaultConfigurationIsVisible = 0;
			defaultConfigurationName = Release;
		};
		C729B05C1BA91593006E9775 /* Build configuration list for PBXNativeTarget "WeddingDemo" */ = {
			isa = XCConfigurationList;
			buildConfigurations = (
				C729B05D1BA91593006E9775 /* Debug */,
				C729B05E1BA91593006E9775 /* Release */,
			);
			defaultConfigurationIsVisible = 0;
			defaultConfigurationName = Release;
		};
		C729B05F1BA91593006E9775 /* Build configuration list for PBXNativeTarget "WeddingDemoTests" */ = {
			isa = XCConfigurationList;
			buildConfigurations = (
				C729B0601BA91593006E9775 /* Debug */,
				C729B0611BA91593006E9775 /* Release */,
			);
			defaultConfigurationIsVisible = 0;
			defaultConfigurationName = Release;
		};
/* End XCConfigurationList section */

/* Begin XCVersionGroup section */
		C729B0401BA91593006E9775 /* WeddingDemo.xcdatamodeld */ = {
			isa = XCVersionGroup;
			children = (
				C729B0411BA91593006E9775 /* WeddingDemo.xcdatamodel */,
			);
			currentVersion = C729B0411BA91593006E9775 /* WeddingDemo.xcdatamodel */;
			path = WeddingDemo.xcdatamodeld;
			sourceTree = "<group>";
			versionGroupType = wrapper.xcdatamodel;
		};
/* End XCVersionGroup section */
	};
	rootObject = C729B02E1BA91593006E9775 /* Project object */;
}
